// !$*UTF8*$!
{
	archiveVersion = 1;
	classes = {
	};
	objectVersion = 46;
	objects = {

/* Begin PBXBuildFile section */
		002DFE704D07D5C9991DE06E /* libPods-milagro-test-app.a in Frameworks */ = {isa = PBXBuildFile; fileRef = 03F89EC8232CA5B737ABF7BF /* libPods-milagro-test-app.a */; };
		3EDE96061EB8CC570087D4FC /* main.m in Sources */ = {isa = PBXBuildFile; fileRef = 3EDE96051EB8CC570087D4FC /* main.m */; };
		3EDE96091EB8CC570087D4FC /* AppDelegate.m in Sources */ = {isa = PBXBuildFile; fileRef = 3EDE96081EB8CC570087D4FC /* AppDelegate.m */; };
		3EDE960C1EB8CC570087D4FC /* ViewController.m in Sources */ = {isa = PBXBuildFile; fileRef = 3EDE960B1EB8CC570087D4FC /* ViewController.m */; };
		3EDE960F1EB8CC570087D4FC /* Main.storyboard in Resources */ = {isa = PBXBuildFile; fileRef = 3EDE960D1EB8CC570087D4FC /* Main.storyboard */; };
		3EDE96111EB8CC570087D4FC /* Assets.xcassets in Resources */ = {isa = PBXBuildFile; fileRef = 3EDE96101EB8CC570087D4FC /* Assets.xcassets */; };
		3EDE96141EB8CC570087D4FC /* LaunchScreen.storyboard in Resources */ = {isa = PBXBuildFile; fileRef = 3EDE96121EB8CC570087D4FC /* LaunchScreen.storyboard */; };
		3EFBBC2E1EB8CE000091C319 /* test_aes_decrypt.c in Sources */ = {isa = PBXBuildFile; fileRef = 3EFBBC071EB8CE000091C319 /* test_aes_decrypt.c */; };
		3EFBBC2F1EB8CE000091C319 /* test_aes_encrypt.c in Sources */ = {isa = PBXBuildFile; fileRef = 3EFBBC081EB8CE000091C319 /* test_aes_encrypt.c */; };
		3EFBBC301EB8CE000091C319 /* test_big_arithmetics.c in Sources */ = {isa = PBXBuildFile; fileRef = 3EFBBC091EB8CE000091C319 /* test_big_arithmetics.c */; };
		3EFBBC311EB8CE000091C319 /* test_big_consistency.c in Sources */ = {isa = PBXBuildFile; fileRef = 3EFBBC0A1EB8CE000091C319 /* test_big_consistency.c */; };
		3EFBBC321EB8CE000091C319 /* test_ecc.c in Sources */ = {isa = PBXBuildFile; fileRef = 3EFBBC0B1EB8CE000091C319 /* test_ecc.c */; };
		3EFBBC331EB8CE000091C319 /* test_ecdh.c in Sources */ = {isa = PBXBuildFile; fileRef = 3EFBBC0C1EB8CE000091C319 /* test_ecdh.c */; };
		3EFBBC341EB8CE000091C319 /* test_ecdsa_keypair.c in Sources */ = {isa = PBXBuildFile; fileRef = 3EFBBC0D1EB8CE000091C319 /* test_ecdsa_keypair.c */; };
		3EFBBC351EB8CE000091C319 /* test_ecdsa_sign.c in Sources */ = {isa = PBXBuildFile; fileRef = 3EFBBC0E1EB8CE000091C319 /* test_ecdsa_sign.c */; };
		3EFBBC361EB8CE000091C319 /* test_ecdsa_verify.c in Sources */ = {isa = PBXBuildFile; fileRef = 3EFBBC0F1EB8CE000091C319 /* test_ecdsa_verify.c */; };
		3EFBBC371EB8CE000091C319 /* test_ecp_arithmetics.c in Sources */ = {isa = PBXBuildFile; fileRef = 3EFBBC101EB8CE000091C319 /* test_ecp_arithmetics.c */; };
		3EFBBC381EB8CE000091C319 /* test_ecp2_arithmetics.c in Sources */ = {isa = PBXBuildFile; fileRef = 3EFBBC111EB8CE000091C319 /* test_ecp2_arithmetics.c */; };
		3EFBBC391EB8CE000091C319 /* test_fp_arithmetics.c in Sources */ = {isa = PBXBuildFile; fileRef = 3EFBBC121EB8CE000091C319 /* test_fp_arithmetics.c */; };
		3EFBBC3A1EB8CE000091C319 /* test_fp2_arithmetics.c in Sources */ = {isa = PBXBuildFile; fileRef = 3EFBBC131EB8CE000091C319 /* test_fp2_arithmetics.c */; };
		3EFBBC3B1EB8CE000091C319 /* test_fp4_arithmetics.c in Sources */ = {isa = PBXBuildFile; fileRef = 3EFBBC141EB8CE000091C319 /* test_fp4_arithmetics.c */; };
		3EFBBC3C1EB8CE000091C319 /* test_gcm_decrypt.c in Sources */ = {isa = PBXBuildFile; fileRef = 3EFBBC151EB8CE000091C319 /* test_gcm_decrypt.c */; };
		3EFBBC3D1EB8CE000091C319 /* test_gcm_encrypt.c in Sources */ = {isa = PBXBuildFile; fileRef = 3EFBBC161EB8CE000091C319 /* test_gcm_encrypt.c */; };
		3EFBBC3E1EB8CE000091C319 /* test_hash.c in Sources */ = {isa = PBXBuildFile; fileRef = 3EFBBC171EB8CE000091C319 /* test_hash.c */; };
		3EFBBC3F1EB8CE000091C319 /* test_mpin_bad_pin.c in Sources */ = {isa = PBXBuildFile; fileRef = 3EFBBC181EB8CE000091C319 /* test_mpin_bad_pin.c */; };
		3EFBBC401EB8CE000091C319 /* test_mpin_bad_token.c in Sources */ = {isa = PBXBuildFile; fileRef = 3EFBBC191EB8CE000091C319 /* test_mpin_bad_token.c */; };
		3EFBBC411EB8CE000091C319 /* test_mpin_expired_tp.c in Sources */ = {isa = PBXBuildFile; fileRef = 3EFBBC1A1EB8CE000091C319 /* test_mpin_expired_tp.c */; };
		3EFBBC421EB8CE000091C319 /* test_mpin_good.c in Sources */ = {isa = PBXBuildFile; fileRef = 3EFBBC1B1EB8CE000091C319 /* test_mpin_good.c */; };
		3EFBBC431EB8CE000091C319 /* test_mpin_random.c in Sources */ = {isa = PBXBuildFile; fileRef = 3EFBBC1C1EB8CE000091C319 /* test_mpin_random.c */; };
		3EFBBC441EB8CE000091C319 /* test_mpin_sign.c in Sources */ = {isa = PBXBuildFile; fileRef = 3EFBBC1D1EB8CE000091C319 /* test_mpin_sign.c */; };
		3EFBBC451EB8CE000091C319 /* test_mpin_tp.c in Sources */ = {isa = PBXBuildFile; fileRef = 3EFBBC1E1EB8CE000091C319 /* test_mpin_tp.c */; };
		3EFBBC461EB8CE000091C319 /* test_mpin_vectors.c in Sources */ = {isa = PBXBuildFile; fileRef = 3EFBBC1F1EB8CE000091C319 /* test_mpin_vectors.c */; };
		3EFBBC471EB8CE000091C319 /* test_mpin.c in Sources */ = {isa = PBXBuildFile; fileRef = 3EFBBC201EB8CE000091C319 /* test_mpin.c */; };
		3EFBBC481EB8CE000091C319 /* test_mpinfull_onepass.c in Sources */ = {isa = PBXBuildFile; fileRef = 3EFBBC211EB8CE000091C319 /* test_mpinfull_onepass.c */; };
		3EFBBC491EB8CE000091C319 /* test_mpinfull_random.c in Sources */ = {isa = PBXBuildFile; fileRef = 3EFBBC221EB8CE000091C319 /* test_mpinfull_random.c */; };
		3EFBBC4A1EB8CE000091C319 /* test_mpinfull.c in Sources */ = {isa = PBXBuildFile; fileRef = 3EFBBC231EB8CE000091C319 /* test_mpinfull.c */; };
		3EFBBC4B1EB8CE000091C319 /* test_octet_consistency.c in Sources */ = {isa = PBXBuildFile; fileRef = 3EFBBC241EB8CE000091C319 /* test_octet_consistency.c */; };
		3EFBBC4C1EB8CE000091C319 /* test_output_functions.c in Sources */ = {isa = PBXBuildFile; fileRef = 3EFBBC251EB8CE000091C319 /* test_output_functions.c */; };
		3EFBBC4D1EB8CE000091C319 /* test_rsa_sign.c in Sources */ = {isa = PBXBuildFile; fileRef = 3EFBBC261EB8CE000091C319 /* test_rsa_sign.c */; };
		3EFBBC4E1EB8CE000091C319 /* test_rsa.c in Sources */ = {isa = PBXBuildFile; fileRef = 3EFBBC271EB8CE000091C319 /* test_rsa.c */; };
		3EFBBC4F1EB8CE000091C319 /* test_utils.c in Sources */ = {isa = PBXBuildFile; fileRef = 3EFBBC281EB8CE000091C319 /* test_utils.c */; };
		3EFBBC501EB8CE000091C319 /* test_version.c in Sources */ = {isa = PBXBuildFile; fileRef = 3EFBBC291EB8CE000091C319 /* test_version.c */; };
		3EFBBC511EB8CE000091C319 /* test_wcc_gcm.c in Sources */ = {isa = PBXBuildFile; fileRef = 3EFBBC2A1EB8CE000091C319 /* test_wcc_gcm.c */; };
		3EFBBC521EB8CE000091C319 /* test_wcc_random.c in Sources */ = {isa = PBXBuildFile; fileRef = 3EFBBC2B1EB8CE000091C319 /* test_wcc_random.c */; };
		3EFBBC531EB8CE000091C319 /* test_wcc.c in Sources */ = {isa = PBXBuildFile; fileRef = 3EFBBC2C1EB8CE000091C319 /* test_wcc.c */; };
		3EFBBC541EB8CE000091C319 /* test_x509.c in Sources */ = {isa = PBXBuildFile; fileRef = 3EFBBC2D1EB8CE000091C319 /* test_x509.c */; };
		3EFBBC571EB9A8DC0091C319 /* MilagroTest.m in Sources */ = {isa = PBXBuildFile; fileRef = 3EFBBC561EB9A8DC0091C319 /* MilagroTest.m */; };
		3EFBBC591EB9AE9A0091C319 /* testVectors in Resources */ = {isa = PBXBuildFile; fileRef = 3EFBBC581EB9AE9A0091C319 /* testVectors */; };
/* End PBXBuildFile section */

/* Begin PBXFileReference section */
		03F89EC8232CA5B737ABF7BF /* libPods-milagro-test-app.a */ = {isa = PBXFileReference; explicitFileType = archive.ar; includeInIndex = 0; path = "libPods-milagro-test-app.a"; sourceTree = BUILT_PRODUCTS_DIR; };
		3EDE96011EB8CC570087D4FC /* milagro-test-app.app */ = {isa = PBXFileReference; explicitFileType = wrapper.application; includeInIndex = 0; path = "milagro-test-app.app"; sourceTree = BUILT_PRODUCTS_DIR; };
		3EDE96051EB8CC570087D4FC /* main.m */ = {isa = PBXFileReference; lastKnownFileType = sourcecode.c.objc; path = main.m; sourceTree = "<group>"; };
		3EDE96071EB8CC570087D4FC /* AppDelegate.h */ = {isa = PBXFileReference; lastKnownFileType = sourcecode.c.h; path = AppDelegate.h; sourceTree = "<group>"; };
		3EDE96081EB8CC570087D4FC /* AppDelegate.m */ = {isa = PBXFileReference; lastKnownFileType = sourcecode.c.objc; path = AppDelegate.m; sourceTree = "<group>"; };
		3EDE960A1EB8CC570087D4FC /* ViewController.h */ = {isa = PBXFileReference; lastKnownFileType = sourcecode.c.h; path = ViewController.h; sourceTree = "<group>"; };
		3EDE960B1EB8CC570087D4FC /* ViewController.m */ = {isa = PBXFileReference; lastKnownFileType = sourcecode.c.objc; path = ViewController.m; sourceTree = "<group>"; };
		3EDE960E1EB8CC570087D4FC /* Base */ = {isa = PBXFileReference; lastKnownFileType = file.storyboard; name = Base; path = Base.lproj/Main.storyboard; sourceTree = "<group>"; };
		3EDE96101EB8CC570087D4FC /* Assets.xcassets */ = {isa = PBXFileReference; lastKnownFileType = folder.assetcatalog; path = Assets.xcassets; sourceTree = "<group>"; };
		3EDE96131EB8CC570087D4FC /* Base */ = {isa = PBXFileReference; lastKnownFileType = file.storyboard; name = Base; path = Base.lproj/LaunchScreen.storyboard; sourceTree = "<group>"; };
		3EDE96151EB8CC570087D4FC /* Info.plist */ = {isa = PBXFileReference; lastKnownFileType = text.plist.xml; path = Info.plist; sourceTree = "<group>"; };
		3EFBBC071EB8CE000091C319 /* test_aes_decrypt.c */ = {isa = PBXFileReference; fileEncoding = 4; lastKnownFileType = sourcecode.c.c; name = test_aes_decrypt.c; path = tests/test_aes_decrypt.c; sourceTree = "<group>"; };
		3EFBBC081EB8CE000091C319 /* test_aes_encrypt.c */ = {isa = PBXFileReference; fileEncoding = 4; lastKnownFileType = sourcecode.c.c; name = test_aes_encrypt.c; path = tests/test_aes_encrypt.c; sourceTree = "<group>"; };
		3EFBBC091EB8CE000091C319 /* test_big_arithmetics.c */ = {isa = PBXFileReference; fileEncoding = 4; lastKnownFileType = sourcecode.c.c; name = test_big_arithmetics.c; path = tests/test_big_arithmetics.c; sourceTree = "<group>"; };
		3EFBBC0A1EB8CE000091C319 /* test_big_consistency.c */ = {isa = PBXFileReference; fileEncoding = 4; lastKnownFileType = sourcecode.c.c; name = test_big_consistency.c; path = tests/test_big_consistency.c; sourceTree = "<group>"; };
		3EFBBC0B1EB8CE000091C319 /* test_ecc.c */ = {isa = PBXFileReference; fileEncoding = 4; lastKnownFileType = sourcecode.c.c; name = test_ecc.c; path = tests/test_ecc.c; sourceTree = "<group>"; };
		3EFBBC0C1EB8CE000091C319 /* test_ecdh.c */ = {isa = PBXFileReference; fileEncoding = 4; lastKnownFileType = sourcecode.c.c; name = test_ecdh.c; path = tests/test_ecdh.c; sourceTree = "<group>"; };
		3EFBBC0D1EB8CE000091C319 /* test_ecdsa_keypair.c */ = {isa = PBXFileReference; fileEncoding = 4; lastKnownFileType = sourcecode.c.c; name = test_ecdsa_keypair.c; path = tests/test_ecdsa_keypair.c; sourceTree = "<group>"; };
		3EFBBC0E1EB8CE000091C319 /* test_ecdsa_sign.c */ = {isa = PBXFileReference; fileEncoding = 4; lastKnownFileType = sourcecode.c.c; name = test_ecdsa_sign.c; path = tests/test_ecdsa_sign.c; sourceTree = "<group>"; };
		3EFBBC0F1EB8CE000091C319 /* test_ecdsa_verify.c */ = {isa = PBXFileReference; fileEncoding = 4; lastKnownFileType = sourcecode.c.c; name = test_ecdsa_verify.c; path = tests/test_ecdsa_verify.c; sourceTree = "<group>"; };
		3EFBBC101EB8CE000091C319 /* test_ecp_arithmetics.c */ = {isa = PBXFileReference; fileEncoding = 4; lastKnownFileType = sourcecode.c.c; name = test_ecp_arithmetics.c; path = tests/test_ecp_arithmetics.c; sourceTree = "<group>"; };
		3EFBBC111EB8CE000091C319 /* test_ecp2_arithmetics.c */ = {isa = PBXFileReference; fileEncoding = 4; lastKnownFileType = sourcecode.c.c; name = test_ecp2_arithmetics.c; path = tests/test_ecp2_arithmetics.c; sourceTree = "<group>"; };
		3EFBBC121EB8CE000091C319 /* test_fp_arithmetics.c */ = {isa = PBXFileReference; fileEncoding = 4; lastKnownFileType = sourcecode.c.c; name = test_fp_arithmetics.c; path = tests/test_fp_arithmetics.c; sourceTree = "<group>"; };
		3EFBBC131EB8CE000091C319 /* test_fp2_arithmetics.c */ = {isa = PBXFileReference; fileEncoding = 4; lastKnownFileType = sourcecode.c.c; name = test_fp2_arithmetics.c; path = tests/test_fp2_arithmetics.c; sourceTree = "<group>"; };
		3EFBBC141EB8CE000091C319 /* test_fp4_arithmetics.c */ = {isa = PBXFileReference; fileEncoding = 4; lastKnownFileType = sourcecode.c.c; name = test_fp4_arithmetics.c; path = tests/test_fp4_arithmetics.c; sourceTree = "<group>"; };
		3EFBBC151EB8CE000091C319 /* test_gcm_decrypt.c */ = {isa = PBXFileReference; fileEncoding = 4; lastKnownFileType = sourcecode.c.c; name = test_gcm_decrypt.c; path = tests/test_gcm_decrypt.c; sourceTree = "<group>"; };
		3EFBBC161EB8CE000091C319 /* test_gcm_encrypt.c */ = {isa = PBXFileReference; fileEncoding = 4; lastKnownFileType = sourcecode.c.c; name = test_gcm_encrypt.c; path = tests/test_gcm_encrypt.c; sourceTree = "<group>"; };
		3EFBBC171EB8CE000091C319 /* test_hash.c */ = {isa = PBXFileReference; fileEncoding = 4; lastKnownFileType = sourcecode.c.c; name = test_hash.c; path = tests/test_hash.c; sourceTree = "<group>"; };
		3EFBBC181EB8CE000091C319 /* test_mpin_bad_pin.c */ = {isa = PBXFileReference; fileEncoding = 4; lastKnownFileType = sourcecode.c.c; name = test_mpin_bad_pin.c; path = tests/test_mpin_bad_pin.c; sourceTree = "<group>"; };
		3EFBBC191EB8CE000091C319 /* test_mpin_bad_token.c */ = {isa = PBXFileReference; fileEncoding = 4; lastKnownFileType = sourcecode.c.c; name = test_mpin_bad_token.c; path = tests/test_mpin_bad_token.c; sourceTree = "<group>"; };
		3EFBBC1A1EB8CE000091C319 /* test_mpin_expired_tp.c */ = {isa = PBXFileReference; fileEncoding = 4; lastKnownFileType = sourcecode.c.c; name = test_mpin_expired_tp.c; path = tests/test_mpin_expired_tp.c; sourceTree = "<group>"; };
		3EFBBC1B1EB8CE000091C319 /* test_mpin_good.c */ = {isa = PBXFileReference; fileEncoding = 4; lastKnownFileType = sourcecode.c.c; name = test_mpin_good.c; path = tests/test_mpin_good.c; sourceTree = "<group>"; };
		3EFBBC1C1EB8CE000091C319 /* test_mpin_random.c */ = {isa = PBXFileReference; fileEncoding = 4; lastKnownFileType = sourcecode.c.c; name = test_mpin_random.c; path = tests/test_mpin_random.c; sourceTree = "<group>"; };
		3EFBBC1D1EB8CE000091C319 /* test_mpin_sign.c */ = {isa = PBXFileReference; fileEncoding = 4; lastKnownFileType = sourcecode.c.c; name = test_mpin_sign.c; path = tests/test_mpin_sign.c; sourceTree = "<group>"; };
		3EFBBC1E1EB8CE000091C319 /* test_mpin_tp.c */ = {isa = PBXFileReference; fileEncoding = 4; lastKnownFileType = sourcecode.c.c; name = test_mpin_tp.c; path = tests/test_mpin_tp.c; sourceTree = "<group>"; };
		3EFBBC1F1EB8CE000091C319 /* test_mpin_vectors.c */ = {isa = PBXFileReference; fileEncoding = 4; lastKnownFileType = sourcecode.c.c; name = test_mpin_vectors.c; path = tests/test_mpin_vectors.c; sourceTree = "<group>"; };
		3EFBBC201EB8CE000091C319 /* test_mpin.c */ = {isa = PBXFileReference; fileEncoding = 4; lastKnownFileType = sourcecode.c.c; name = test_mpin.c; path = tests/test_mpin.c; sourceTree = "<group>"; };
		3EFBBC211EB8CE000091C319 /* test_mpinfull_onepass.c */ = {isa = PBXFileReference; fileEncoding = 4; lastKnownFileType = sourcecode.c.c; name = test_mpinfull_onepass.c; path = tests/test_mpinfull_onepass.c; sourceTree = "<group>"; };
		3EFBBC221EB8CE000091C319 /* test_mpinfull_random.c */ = {isa = PBXFileReference; fileEncoding = 4; lastKnownFileType = sourcecode.c.c; name = test_mpinfull_random.c; path = tests/test_mpinfull_random.c; sourceTree = "<group>"; };
		3EFBBC231EB8CE000091C319 /* test_mpinfull.c */ = {isa = PBXFileReference; fileEncoding = 4; lastKnownFileType = sourcecode.c.c; name = test_mpinfull.c; path = tests/test_mpinfull.c; sourceTree = "<group>"; };
		3EFBBC241EB8CE000091C319 /* test_octet_consistency.c */ = {isa = PBXFileReference; fileEncoding = 4; lastKnownFileType = sourcecode.c.c; name = test_octet_consistency.c; path = tests/test_octet_consistency.c; sourceTree = "<group>"; };
		3EFBBC251EB8CE000091C319 /* test_output_functions.c */ = {isa = PBXFileReference; fileEncoding = 4; lastKnownFileType = sourcecode.c.c; name = test_output_functions.c; path = tests/test_output_functions.c; sourceTree = "<group>"; };
		3EFBBC261EB8CE000091C319 /* test_rsa_sign.c */ = {isa = PBXFileReference; fileEncoding = 4; lastKnownFileType = sourcecode.c.c; name = test_rsa_sign.c; path = tests/test_rsa_sign.c; sourceTree = "<group>"; };
		3EFBBC271EB8CE000091C319 /* test_rsa.c */ = {isa = PBXFileReference; fileEncoding = 4; lastKnownFileType = sourcecode.c.c; name = test_rsa.c; path = tests/test_rsa.c; sourceTree = "<group>"; };
		3EFBBC281EB8CE000091C319 /* test_utils.c */ = {isa = PBXFileReference; fileEncoding = 4; lastKnownFileType = sourcecode.c.c; name = test_utils.c; path = tests/test_utils.c; sourceTree = "<group>"; };
		3EFBBC291EB8CE000091C319 /* test_version.c */ = {isa = PBXFileReference; fileEncoding = 4; lastKnownFileType = sourcecode.c.c; name = test_version.c; path = tests/test_version.c; sourceTree = "<group>"; };
		3EFBBC2A1EB8CE000091C319 /* test_wcc_gcm.c */ = {isa = PBXFileReference; fileEncoding = 4; lastKnownFileType = sourcecode.c.c; name = test_wcc_gcm.c; path = tests/test_wcc_gcm.c; sourceTree = "<group>"; };
		3EFBBC2B1EB8CE000091C319 /* test_wcc_random.c */ = {isa = PBXFileReference; fileEncoding = 4; lastKnownFileType = sourcecode.c.c; name = test_wcc_random.c; path = tests/test_wcc_random.c; sourceTree = "<group>"; };
		3EFBBC2C1EB8CE000091C319 /* test_wcc.c */ = {isa = PBXFileReference; fileEncoding = 4; lastKnownFileType = sourcecode.c.c; name = test_wcc.c; path = tests/test_wcc.c; sourceTree = "<group>"; };
		3EFBBC2D1EB8CE000091C319 /* test_x509.c */ = {isa = PBXFileReference; fileEncoding = 4; lastKnownFileType = sourcecode.c.c; name = test_x509.c; path = tests/test_x509.c; sourceTree = "<group>"; };
		3EFBBC551EB9A8DC0091C319 /* MilagroTest.h */ = {isa = PBXFileReference; fileEncoding = 4; lastKnownFileType = sourcecode.c.h; path = MilagroTest.h; sourceTree = "<group>"; };
		3EFBBC561EB9A8DC0091C319 /* MilagroTest.m */ = {isa = PBXFileReference; fileEncoding = 4; lastKnownFileType = sourcecode.c.objc; path = MilagroTest.m; sourceTree = "<group>"; };
		3EFBBC581EB9AE9A0091C319 /* testVectors */ = {isa = PBXFileReference; lastKnownFileType = folder; path = testVectors; sourceTree = "<group>"; };
		52B79D7A56DE6FFA5ED2EF4C /* Pods-milagro-test-app.release.xcconfig */ = {isa = PBXFileReference; includeInIndex = 1; lastKnownFileType = text.xcconfig; name = "Pods-milagro-test-app.release.xcconfig"; path = "Pods/Target Support Files/Pods-milagro-test-app/Pods-milagro-test-app.release.xcconfig"; sourceTree = "<group>"; };
		614E6B7ACDC08C3A22EFB0E5 /* Pods-milagro-test-app.debug.xcconfig */ = {isa = PBXFileReference; includeInIndex = 1; lastKnownFileType = text.xcconfig; name = "Pods-milagro-test-app.debug.xcconfig"; path = "Pods/Target Support Files/Pods-milagro-test-app/Pods-milagro-test-app.debug.xcconfig"; sourceTree = "<group>"; };
/* End PBXFileReference section */

/* Begin PBXFrameworksBuildPhase section */
		3EDE95FE1EB8CC570087D4FC /* Frameworks */ = {
			isa = PBXFrameworksBuildPhase;
			buildActionMask = 2147483647;
			files = (
				002DFE704D07D5C9991DE06E /* libPods-milagro-test-app.a in Frameworks */,
			);
			runOnlyForDeploymentPostprocessing = 0;
		};
/* End PBXFrameworksBuildPhase section */

/* Begin PBXGroup section */
		1741BDD3B0DCA391A5D0CC41 /* Pods */ = {
			isa = PBXGroup;
			children = (
				614E6B7ACDC08C3A22EFB0E5 /* Pods-milagro-test-app.debug.xcconfig */,
				52B79D7A56DE6FFA5ED2EF4C /* Pods-milagro-test-app.release.xcconfig */,
			);
			name = Pods;
			sourceTree = "<group>";
		};
		3EDE95F81EB8CC570087D4FC = {
			isa = PBXGroup;
			children = (
				3EDE96031EB8CC570087D4FC /* milagro-test-app */,
				3EDE96021EB8CC570087D4FC /* Products */,
				1741BDD3B0DCA391A5D0CC41 /* Pods */,
				A1575AE9DD025E48D732CE55 /* Frameworks */,
			);
			sourceTree = "<group>";
		};
		3EDE96021EB8CC570087D4FC /* Products */ = {
			isa = PBXGroup;
			children = (
				3EDE96011EB8CC570087D4FC /* milagro-test-app.app */,
			);
			name = Products;
			sourceTree = "<group>";
		};
		3EDE96031EB8CC570087D4FC /* milagro-test-app */ = {
			isa = PBXGroup;
			children = (
				3EFBBC061EB8CDED0091C319 /* tests */,
				3EFBBC551EB9A8DC0091C319 /* MilagroTest.h */,
				3EFBBC561EB9A8DC0091C319 /* MilagroTest.m */,
				3EDE96071EB8CC570087D4FC /* AppDelegate.h */,
				3EDE96081EB8CC570087D4FC /* AppDelegate.m */,
				3EDE960A1EB8CC570087D4FC /* ViewController.h */,
				3EDE960B1EB8CC570087D4FC /* ViewController.m */,
				3EDE960D1EB8CC570087D4FC /* Main.storyboard */,
				3EDE96101EB8CC570087D4FC /* Assets.xcassets */,
				3EDE96121EB8CC570087D4FC /* LaunchScreen.storyboard */,
				3EDE96151EB8CC570087D4FC /* Info.plist */,
				3EDE96041EB8CC570087D4FC /* Supporting Files */,
			);
			path = "milagro-test-app";
			sourceTree = "<group>";
		};
		3EDE96041EB8CC570087D4FC /* Supporting Files */ = {
			isa = PBXGroup;
			children = (
				3EFBBC581EB9AE9A0091C319 /* testVectors */,
				3EDE96051EB8CC570087D4FC /* main.m */,
			);
			name = "Supporting Files";
			sourceTree = "<group>";
		};
		3EFBBC061EB8CDED0091C319 /* tests */ = {
			isa = PBXGroup;
			children = (
				3EFBBC071EB8CE000091C319 /* test_aes_decrypt.c */,
				3EFBBC081EB8CE000091C319 /* test_aes_encrypt.c */,
				3EFBBC091EB8CE000091C319 /* test_big_arithmetics.c */,
				3EFBBC0A1EB8CE000091C319 /* test_big_consistency.c */,
				3EFBBC0B1EB8CE000091C319 /* test_ecc.c */,
				3EFBBC0C1EB8CE000091C319 /* test_ecdh.c */,
				3EFBBC0D1EB8CE000091C319 /* test_ecdsa_keypair.c */,
				3EFBBC0E1EB8CE000091C319 /* test_ecdsa_sign.c */,
				3EFBBC0F1EB8CE000091C319 /* test_ecdsa_verify.c */,
				3EFBBC101EB8CE000091C319 /* test_ecp_arithmetics.c */,
				3EFBBC111EB8CE000091C319 /* test_ecp2_arithmetics.c */,
				3EFBBC121EB8CE000091C319 /* test_fp_arithmetics.c */,
				3EFBBC131EB8CE000091C319 /* test_fp2_arithmetics.c */,
				3EFBBC141EB8CE000091C319 /* test_fp4_arithmetics.c */,
				3EFBBC151EB8CE000091C319 /* test_gcm_decrypt.c */,
				3EFBBC161EB8CE000091C319 /* test_gcm_encrypt.c */,
				3EFBBC171EB8CE000091C319 /* test_hash.c */,
				3EFBBC181EB8CE000091C319 /* test_mpin_bad_pin.c */,
				3EFBBC191EB8CE000091C319 /* test_mpin_bad_token.c */,
				3EFBBC1A1EB8CE000091C319 /* test_mpin_expired_tp.c */,
				3EFBBC1B1EB8CE000091C319 /* test_mpin_good.c */,
				3EFBBC1C1EB8CE000091C319 /* test_mpin_random.c */,
				3EFBBC1D1EB8CE000091C319 /* test_mpin_sign.c */,
				3EFBBC1E1EB8CE000091C319 /* test_mpin_tp.c */,
				3EFBBC1F1EB8CE000091C319 /* test_mpin_vectors.c */,
				3EFBBC201EB8CE000091C319 /* test_mpin.c */,
				3EFBBC211EB8CE000091C319 /* test_mpinfull_onepass.c */,
				3EFBBC221EB8CE000091C319 /* test_mpinfull_random.c */,
				3EFBBC231EB8CE000091C319 /* test_mpinfull.c */,
				3EFBBC241EB8CE000091C319 /* test_octet_consistency.c */,
				3EFBBC251EB8CE000091C319 /* test_output_functions.c */,
				3EFBBC261EB8CE000091C319 /* test_rsa_sign.c */,
				3EFBBC271EB8CE000091C319 /* test_rsa.c */,
				3EFBBC281EB8CE000091C319 /* test_utils.c */,
				3EFBBC291EB8CE000091C319 /* test_version.c */,
				3EFBBC2A1EB8CE000091C319 /* test_wcc_gcm.c */,
				3EFBBC2B1EB8CE000091C319 /* test_wcc_random.c */,
				3EFBBC2C1EB8CE000091C319 /* test_wcc.c */,
				3EFBBC2D1EB8CE000091C319 /* test_x509.c */,
			);
			name = tests;
			sourceTree = "<group>";
		};
		A1575AE9DD025E48D732CE55 /* Frameworks */ = {
			isa = PBXGroup;
			children = (
				03F89EC8232CA5B737ABF7BF /* libPods-milagro-test-app.a */,
			);
			name = Frameworks;
			sourceTree = "<group>";
		};
/* End PBXGroup section */

/* Begin PBXNativeTarget section */
		3EDE96001EB8CC570087D4FC /* milagro-test-app */ = {
			isa = PBXNativeTarget;
			buildConfigurationList = 3EDE96181EB8CC570087D4FC /* Build configuration list for PBXNativeTarget "milagro-test-app" */;
			buildPhases = (
				42BEBF2AB1AC698160AFBBD1 /* [CP] Check Pods Manifest.lock */,
				3EDE95FD1EB8CC570087D4FC /* Sources */,
				3EDE95FE1EB8CC570087D4FC /* Frameworks */,
				3EDE95FF1EB8CC570087D4FC /* Resources */,
				A4B944003046998B4E8AC4DA /* [CP] Embed Pods Frameworks */,
				96BBDC8FD7EE16BE57C20E6A /* [CP] Copy Pods Resources */,
			);
			buildRules = (
			);
			dependencies = (
			);
			name = "milagro-test-app";
			productName = "milagro-test-app";
			productReference = 3EDE96011EB8CC570087D4FC /* milagro-test-app.app */;
			productType = "com.apple.product-type.application";
		};
/* End PBXNativeTarget section */

/* Begin PBXProject section */
		3EDE95F91EB8CC570087D4FC /* Project object */ = {
			isa = PBXProject;
			attributes = {
				LastUpgradeCheck = 0830;
				ORGANIZATIONNAME = "Kirill Neznamov";
				TargetAttributes = {
					3EDE96001EB8CC570087D4FC = {
						CreatedOnToolsVersion = 8.3.2;
						DevelopmentTeam = ES8QU3D2A4;
						ProvisioningStyle = Automatic;
					};
				};
			};
			buildConfigurationList = 3EDE95FC1EB8CC570087D4FC /* Build configuration list for PBXProject "milagro-test-app" */;
			compatibilityVersion = "Xcode 3.2";
			developmentRegion = English;
			hasScannedForEncodings = 0;
			knownRegions = (
				en,
				Base,
			);
			mainGroup = 3EDE95F81EB8CC570087D4FC;
			productRefGroup = 3EDE96021EB8CC570087D4FC /* Products */;
			projectDirPath = "";
			projectRoot = "";
			targets = (
				3EDE96001EB8CC570087D4FC /* milagro-test-app */,
			);
		};
/* End PBXProject section */

/* Begin PBXResourcesBuildPhase section */
		3EDE95FF1EB8CC570087D4FC /* Resources */ = {
			isa = PBXResourcesBuildPhase;
			buildActionMask = 2147483647;
			files = (
				3EDE96141EB8CC570087D4FC /* LaunchScreen.storyboard in Resources */,
				3EFBBC591EB9AE9A0091C319 /* testVectors in Resources */,
				3EDE96111EB8CC570087D4FC /* Assets.xcassets in Resources */,
				3EDE960F1EB8CC570087D4FC /* Main.storyboard in Resources */,
			);
			runOnlyForDeploymentPostprocessing = 0;
		};
/* End PBXResourcesBuildPhase section */

/* Begin PBXShellScriptBuildPhase section */
		42BEBF2AB1AC698160AFBBD1 /* [CP] Check Pods Manifest.lock */ = {
			isa = PBXShellScriptBuildPhase;
			buildActionMask = 2147483647;
			files = (
			);
			inputPaths = (
			);
			name = "[CP] Check Pods Manifest.lock";
			outputPaths = (
			);
			runOnlyForDeploymentPostprocessing = 0;
			shellPath = /bin/sh;
			shellScript = "diff \"${PODS_PODFILE_DIR_PATH}/Podfile.lock\" \"${PODS_ROOT}/Manifest.lock\" > /dev/null\nif [ $? != 0 ] ; then\n    # print error to STDERR\n    echo \"error: The sandbox is not in sync with the Podfile.lock. Run 'pod install' or update your CocoaPods installation.\" >&2\n    exit 1\nfi\n";
			showEnvVarsInLog = 0;
		};
		96BBDC8FD7EE16BE57C20E6A /* [CP] Copy Pods Resources */ = {
			isa = PBXShellScriptBuildPhase;
			buildActionMask = 2147483647;
			files = (
			);
			inputPaths = (
			);
			name = "[CP] Copy Pods Resources";
			outputPaths = (
			);
			runOnlyForDeploymentPostprocessing = 0;
			shellPath = /bin/sh;
			shellScript = "\"${SRCROOT}/Pods/Target Support Files/Pods-milagro-test-app/Pods-milagro-test-app-resources.sh\"\n";
			showEnvVarsInLog = 0;
		};
		A4B944003046998B4E8AC4DA /* [CP] Embed Pods Frameworks */ = {
			isa = PBXShellScriptBuildPhase;
			buildActionMask = 2147483647;
			files = (
			);
			inputPaths = (
			);
			name = "[CP] Embed Pods Frameworks";
			outputPaths = (
			);
			runOnlyForDeploymentPostprocessing = 0;
			shellPath = /bin/sh;
			shellScript = "\"${SRCROOT}/Pods/Target Support Files/Pods-milagro-test-app/Pods-milagro-test-app-frameworks.sh\"\n";
			showEnvVarsInLog = 0;
		};
/* End PBXShellScriptBuildPhase section */

/* Begin PBXSourcesBuildPhase section */
		3EDE95FD1EB8CC570087D4FC /* Sources */ = {
			isa = PBXSourcesBuildPhase;
			buildActionMask = 2147483647;
			files = (
				3EFBBC3B1EB8CE000091C319 /* test_fp4_arithmetics.c in Sources */,
				3EDE960C1EB8CC570087D4FC /* ViewController.m in Sources */,
				3EFBBC531EB8CE000091C319 /* test_wcc.c in Sources */,
				3EFBBC491EB8CE000091C319 /* test_mpinfull_random.c in Sources */,
				3EFBBC2E1EB8CE000091C319 /* test_aes_decrypt.c in Sources */,
				3EFBBC3E1EB8CE000091C319 /* test_hash.c in Sources */,
				3EFBBC331EB8CE000091C319 /* test_ecdh.c in Sources */,
				3EFBBC4A1EB8CE000091C319 /* test_mpinfull.c in Sources */,
				3EFBBC471EB8CE000091C319 /* test_mpin.c in Sources */,
				3EFBBC4C1EB8CE000091C319 /* test_output_functions.c in Sources */,
				3EFBBC2F1EB8CE000091C319 /* test_aes_encrypt.c in Sources */,
				3EDE96091EB8CC570087D4FC /* AppDelegate.m in Sources */,
				3EFBBC481EB8CE000091C319 /* test_mpinfull_onepass.c in Sources */,
				3EFBBC511EB8CE000091C319 /* test_wcc_gcm.c in Sources */,
				3EFBBC431EB8CE000091C319 /* test_mpin_random.c in Sources */,
				3EFBBC461EB8CE000091C319 /* test_mpin_vectors.c in Sources */,
				3EFBBC3F1EB8CE000091C319 /* test_mpin_bad_pin.c in Sources */,
				3EFBBC381EB8CE000091C319 /* test_ecp2_arithmetics.c in Sources */,
				3EFBBC4E1EB8CE000091C319 /* test_rsa.c in Sources */,
				3EFBBC301EB8CE000091C319 /* test_big_arithmetics.c in Sources */,
				3EFBBC321EB8CE000091C319 /* test_ecc.c in Sources */,
				3EFBBC4F1EB8CE000091C319 /* test_utils.c in Sources */,
				3EFBBC571EB9A8DC0091C319 /* MilagroTest.m in Sources */,
				3EFBBC391EB8CE000091C319 /* test_fp_arithmetics.c in Sources */,
				3EFBBC361EB8CE000091C319 /* test_ecdsa_verify.c in Sources */,
				3EFBBC451EB8CE000091C319 /* test_mpin_tp.c in Sources */,
				3EFBBC411EB8CE000091C319 /* test_mpin_expired_tp.c in Sources */,
				3EFBBC3A1EB8CE000091C319 /* test_fp2_arithmetics.c in Sources */,
				3EFBBC441EB8CE000091C319 /* test_mpin_sign.c in Sources */,
				3EFBBC4B1EB8CE000091C319 /* test_octet_consistency.c in Sources */,
				3EDE96061EB8CC570087D4FC /* main.m in Sources */,
				3EFBBC4D1EB8CE000091C319 /* test_rsa_sign.c in Sources */,
				3EFBBC521EB8CE000091C319 /* test_wcc_random.c in Sources */,
				3EFBBC401EB8CE000091C319 /* test_mpin_bad_token.c in Sources */,
				3EFBBC351EB8CE000091C319 /* test_ecdsa_sign.c in Sources */,
				3EFBBC341EB8CE000091C319 /* test_ecdsa_keypair.c in Sources */,
				3EFBBC311EB8CE000091C319 /* test_big_consistency.c in Sources */,
				3EFBBC421EB8CE000091C319 /* test_mpin_good.c in Sources */,
				3EFBBC501EB8CE000091C319 /* test_version.c in Sources */,
				3EFBBC371EB8CE000091C319 /* test_ecp_arithmetics.c in Sources */,
				3EFBBC3C1EB8CE000091C319 /* test_gcm_decrypt.c in Sources */,
				3EFBBC3D1EB8CE000091C319 /* test_gcm_encrypt.c in Sources */,
				3EFBBC541EB8CE000091C319 /* test_x509.c in Sources */,
			);
			runOnlyForDeploymentPostprocessing = 0;
		};
/* End PBXSourcesBuildPhase section */

/* Begin PBXVariantGroup section */
		3EDE960D1EB8CC570087D4FC /* Main.storyboard */ = {
			isa = PBXVariantGroup;
			children = (
				3EDE960E1EB8CC570087D4FC /* Base */,
			);
			name = Main.storyboard;
			sourceTree = "<group>";
		};
		3EDE96121EB8CC570087D4FC /* LaunchScreen.storyboard */ = {
			isa = PBXVariantGroup;
			children = (
				3EDE96131EB8CC570087D4FC /* Base */,
			);
			name = LaunchScreen.storyboard;
			sourceTree = "<group>";
		};
/* End PBXVariantGroup section */

/* Begin XCBuildConfiguration section */
		3EDE96161EB8CC570087D4FC /* Debug */ = {
			isa = XCBuildConfiguration;
			buildSettings = {
				ALWAYS_SEARCH_USER_PATHS = NO;
				CLANG_ANALYZER_NONNULL = YES;
				CLANG_ANALYZER_NUMBER_OBJECT_CONVERSION = YES_AGGRESSIVE;
				CLANG_CXX_LANGUAGE_STANDARD = "gnu++0x";
				CLANG_CXX_LIBRARY = "libc++";
				CLANG_ENABLE_MODULES = YES;
				CLANG_ENABLE_OBJC_ARC = YES;
				CLANG_WARN_BOOL_CONVERSION = YES;
				CLANG_WARN_CONSTANT_CONVERSION = YES;
				CLANG_WARN_DIRECT_OBJC_ISA_USAGE = YES_ERROR;
				CLANG_WARN_DOCUMENTATION_COMMENTS = YES;
				CLANG_WARN_EMPTY_BODY = YES;
				CLANG_WARN_ENUM_CONVERSION = YES;
				CLANG_WARN_INFINITE_RECURSION = YES;
				CLANG_WARN_INT_CONVERSION = YES;
				CLANG_WARN_OBJC_ROOT_CLASS = YES_ERROR;
				CLANG_WARN_SUSPICIOUS_MOVE = YES;
				CLANG_WARN_UNREACHABLE_CODE = YES;
				CLANG_WARN__DUPLICATE_METHOD_MATCH = YES;
				"CODE_SIGN_IDENTITY[sdk=iphoneos*]" = "iPhone Developer";
				COPY_PHASE_STRIP = NO;
				DEBUG_INFORMATION_FORMAT = dwarf;
				ENABLE_STRICT_OBJC_MSGSEND = YES;
				ENABLE_TESTABILITY = YES;
				GCC_C_LANGUAGE_STANDARD = gnu99;
				GCC_DYNAMIC_NO_PIC = NO;
				GCC_NO_COMMON_BLOCKS = YES;
				GCC_OPTIMIZATION_LEVEL = 0;
				GCC_PREPROCESSOR_DEFINITIONS = (
					"DEBUG=1",
					"$(inherited)",
				);
				GCC_WARN_64_TO_32_BIT_CONVERSION = YES;
				GCC_WARN_ABOUT_RETURN_TYPE = YES_ERROR;
				GCC_WARN_UNDECLARED_SELECTOR = YES;
				GCC_WARN_UNINITIALIZED_AUTOS = YES_AGGRESSIVE;
				GCC_WARN_UNUSED_FUNCTION = YES;
				GCC_WARN_UNUSED_VARIABLE = YES;
				IPHONEOS_DEPLOYMENT_TARGET = 10.3;
				MTL_ENABLE_DEBUG_INFO = YES;
				ONLY_ACTIVE_ARCH = YES;
				SDKROOT = iphoneos;
				TARGETED_DEVICE_FAMILY = "1,2";
			};
			name = Debug;
		};
		3EDE96171EB8CC570087D4FC /* Release */ = {
			isa = XCBuildConfiguration;
			buildSettings = {
				ALWAYS_SEARCH_USER_PATHS = NO;
				CLANG_ANALYZER_NONNULL = YES;
				CLANG_ANALYZER_NUMBER_OBJECT_CONVERSION = YES_AGGRESSIVE;
				CLANG_CXX_LANGUAGE_STANDARD = "gnu++0x";
				CLANG_CXX_LIBRARY = "libc++";
				CLANG_ENABLE_MODULES = YES;
				CLANG_ENABLE_OBJC_ARC = YES;
				CLANG_WARN_BOOL_CONVERSION = YES;
				CLANG_WARN_CONSTANT_CONVERSION = YES;
				CLANG_WARN_DIRECT_OBJC_ISA_USAGE = YES_ERROR;
				CLANG_WARN_DOCUMENTATION_COMMENTS = YES;
				CLANG_WARN_EMPTY_BODY = YES;
				CLANG_WARN_ENUM_CONVERSION = YES;
				CLANG_WARN_INFINITE_RECURSION = YES;
				CLANG_WARN_INT_CONVERSION = YES;
				CLANG_WARN_OBJC_ROOT_CLASS = YES_ERROR;
				CLANG_WARN_SUSPICIOUS_MOVE = YES;
				CLANG_WARN_UNREACHABLE_CODE = YES;
				CLANG_WARN__DUPLICATE_METHOD_MATCH = YES;
				"CODE_SIGN_IDENTITY[sdk=iphoneos*]" = "iPhone Developer";
				COPY_PHASE_STRIP = NO;
				DEBUG_INFORMATION_FORMAT = "dwarf-with-dsym";
				ENABLE_NS_ASSERTIONS = NO;
				ENABLE_STRICT_OBJC_MSGSEND = YES;
				GCC_C_LANGUAGE_STANDARD = gnu99;
				GCC_NO_COMMON_BLOCKS = YES;
				GCC_WARN_64_TO_32_BIT_CONVERSION = YES;
				GCC_WARN_ABOUT_RETURN_TYPE = YES_ERROR;
				GCC_WARN_UNDECLARED_SELECTOR = YES;
				GCC_WARN_UNINITIALIZED_AUTOS = YES_AGGRESSIVE;
				GCC_WARN_UNUSED_FUNCTION = YES;
				GCC_WARN_UNUSED_VARIABLE = YES;
				IPHONEOS_DEPLOYMENT_TARGET = 10.3;
				MTL_ENABLE_DEBUG_INFO = NO;
				SDKROOT = iphoneos;
				TARGETED_DEVICE_FAMILY = "1,2";
				VALIDATE_PRODUCT = YES;
			};
			name = Release;
		};
		3EDE96191EB8CC570087D4FC /* Debug */ = {
			isa = XCBuildConfiguration;
			baseConfigurationReference = 614E6B7ACDC08C3A22EFB0E5 /* Pods-milagro-test-app.debug.xcconfig */;
			buildSettings = {
				ASSETCATALOG_COMPILER_APPICON_NAME = AppIcon;
				DEVELOPMENT_TEAM = ES8QU3D2A4;
				INFOPLIST_FILE = "milagro-test-app/Info.plist";
				LD_RUNPATH_SEARCH_PATHS = "$(inherited) @executable_path/Frameworks";
				PRODUCT_BUNDLE_IDENTIFIER = "com.evernym.milagro-test-app";
				PRODUCT_NAME = "$(TARGET_NAME)";
			};
			name = Debug;
		};
		3EDE961A1EB8CC570087D4FC /* Release */ = {
			isa = XCBuildConfiguration;
			baseConfigurationReference = 52B79D7A56DE6FFA5ED2EF4C /* Pods-milagro-test-app.release.xcconfig */;
			buildSettings = {
				ASSETCATALOG_COMPILER_APPICON_NAME = AppIcon;
				DEVELOPMENT_TEAM = ES8QU3D2A4;
				INFOPLIST_FILE = "milagro-test-app/Info.plist";
				LD_RUNPATH_SEARCH_PATHS = "$(inherited) @executable_path/Frameworks";
				PRODUCT_BUNDLE_IDENTIFIER = "com.evernym.milagro-test-app";
				PRODUCT_NAME = "$(TARGET_NAME)";
			};
			name = Release;
		};
/* End XCBuildConfiguration section */

/* Begin XCConfigurationList section */
		3EDE95FC1EB8CC570087D4FC /* Build configuration list for PBXProject "milagro-test-app" */ = {
			isa = XCConfigurationList;
			buildConfigurations = (
				3EDE96161EB8CC570087D4FC /* Debug */,
				3EDE96171EB8CC570087D4FC /* Release */,
			);
			defaultConfigurationIsVisible = 0;
			defaultConfigurationName = Release;
		};
		3EDE96181EB8CC570087D4FC /* Build configuration list for PBXNativeTarget "milagro-test-app" */ = {
			isa = XCConfigurationList;
			buildConfigurations = (
				3EDE96191EB8CC570087D4FC /* Debug */,
				3EDE961A1EB8CC570087D4FC /* Release */,
			);
			defaultConfigurationIsVisible = 0;
			defaultConfigurationName = Release;
		};
/* End XCConfigurationList section */
	};
	rootObject = 3EDE95F91EB8CC570087D4FC /* Project object */;
}
