// !$*UTF8*$!
{
	archiveVersion = 1;
	classes = {
	};
	objectVersion = 46;
	objects = {

/* Begin PBXBuildFile section */
		5D0073E91F680ADF00E5CCE2 /* RegisterWalletType.m in Sources */ = {isa = PBXBuildFile; fileRef = 5D0073E81F680ADE00E5CCE2 /* RegisterWalletType.m */; };
		5D0481B71F46E1BD00ED79A2 /* AgentMediumConnect.m in Sources */ = {isa = PBXBuildFile; fileRef = 5D0481B61F46E1BD00ED79A2 /* AgentMediumConnect.m */; };
		5D0481B91F46FEC800ED79A2 /* AgentMediumListen.m in Sources */ = {isa = PBXBuildFile; fileRef = 5D0481B81F46FEC800ED79A2 /* AgentMediumListen.m */; };
		5D0481BB1F46FEE400ED79A2 /* AgentMediumAddIdentity.m in Sources */ = {isa = PBXBuildFile; fileRef = 5D0481BA1F46FEE400ED79A2 /* AgentMediumAddIdentity.m */; };
		5D0481BD1F46FEFA00ED79A2 /* AgentMediumRemoveIdentity.m in Sources */ = {isa = PBXBuildFile; fileRef = 5D0481BC1F46FEFA00ED79A2 /* AgentMediumRemoveIdentity.m */; };
		5D0481BF1F46FF0D00ED79A2 /* AgentMediumSend.m in Sources */ = {isa = PBXBuildFile; fileRef = 5D0481BE1F46FF0D00ED79A2 /* AgentMediumSend.m */; };
		5D0481C11F46FF2700ED79A2 /* AgentMediumCloseConnection.m in Sources */ = {isa = PBXBuildFile; fileRef = 5D0481C01F46FF2700ED79A2 /* AgentMediumCloseConnection.m */; };
		5D0481C31F46FF4000ED79A2 /* AgentMediumCloseListener.m in Sources */ = {isa = PBXBuildFile; fileRef = 5D0481C21F46FF4000ED79A2 /* AgentMediumCloseListener.m */; };
		5D13F6C61F161E800024DFB3 /* SequenceUtils.m in Sources */ = {isa = PBXBuildFile; fileRef = 5D13F6C51F161E800024DFB3 /* SequenceUtils.m */; };
		5D82DB521F6A795B00170B22 /* libindy.framework in Frameworks */ = {isa = PBXBuildFile; fileRef = 5D82DB511F6A795B00170B22 /* libindy.framework */; };
		5D82DB531F6A795B00170B22 /* libindy.framework in Embed Frameworks */ = {isa = PBXBuildFile; fileRef = 5D82DB511F6A795B00170B22 /* libindy.framework */; settings = {ATTRIBUTES = (CodeSignOnCopy, RemoveHeadersOnCopy, ); }; };
		5DF013DC1F1604C200076592 /* AppDelegate.mm in Sources */ = {isa = PBXBuildFile; fileRef = 5DF013D21F1604C100076592 /* AppDelegate.mm */; };
		5DF013DD1F1604C200076592 /* Assets.xcassets in Resources */ = {isa = PBXBuildFile; fileRef = 5DF013D31F1604C100076592 /* Assets.xcassets */; };
		5DF013DE1F1604C200076592 /* LaunchScreen.storyboard in Resources */ = {isa = PBXBuildFile; fileRef = 5DF013D41F1604C100076592 /* LaunchScreen.storyboard */; };
		5DF013DF1F1604C200076592 /* Main.storyboard in Resources */ = {isa = PBXBuildFile; fileRef = 5DF013D61F1604C100076592 /* Main.storyboard */; };
		5DF013E11F1604C200076592 /* main.m in Sources */ = {isa = PBXBuildFile; fileRef = 5DF013D91F1604C200076592 /* main.m */; };
		5DF013E21F1604C200076592 /* ViewController.m in Sources */ = {isa = PBXBuildFile; fileRef = 5DF013DB1F1604C200076592 /* ViewController.m */; };
		5DF0149D1F1605EB00076592 /* Base58Test.m in Sources */ = {isa = PBXBuildFile; fileRef = 5DF014661F1605EB00076592 /* Base58Test.m */; };
		5DF0149E1F1605EB00076592 /* AgentHighCases.m in Sources */ = {isa = PBXBuildFile; fileRef = 5DF014691F1605EB00076592 /* AgentHighCases.m */; };
		5DF014A01F1605EB00076592 /* AnoncredsHighCases.m in Sources */ = {isa = PBXBuildFile; fileRef = 5DF0146C1F1605EB00076592 /* AnoncredsHighCases.m */; };
		5DF014A11F1605EB00076592 /* AnoncredsMediumCases.m in Sources */ = {isa = PBXBuildFile; fileRef = 5DF0146D1F1605EB00076592 /* AnoncredsMediumCases.m */; };
		5DF014A21F1605EB00076592 /* AnoncredsMediumCasesDemos.m in Sources */ = {isa = PBXBuildFile; fileRef = 5DF0146E1F1605EB00076592 /* AnoncredsMediumCasesDemos.m */; };
		5DF014A31F1605EB00076592 /* LedgerAttribRequest.mm in Sources */ = {isa = PBXBuildFile; fileRef = 5DF014701F1605EB00076592 /* LedgerAttribRequest.mm */; };
		5DF014A41F1605EB00076592 /* LedgerHignCases.mm in Sources */ = {isa = PBXBuildFile; fileRef = 5DF014711F1605EB00076592 /* LedgerHignCases.mm */; };
		5DF014A51F1605EB00076592 /* LedgerNodeRequest.mm in Sources */ = {isa = PBXBuildFile; fileRef = 5DF014721F1605EB00076592 /* LedgerNodeRequest.mm */; };
		5DF014A61F1605EB00076592 /* LedgerNymRequest.mm in Sources */ = {isa = PBXBuildFile; fileRef = 5DF014731F1605EB00076592 /* LedgerNymRequest.mm */; };
		5DF014A71F1605EB00076592 /* LedgerSchemaRequest.mm in Sources */ = {isa = PBXBuildFile; fileRef = 5DF014741F1605EB00076592 /* LedgerSchemaRequest.mm */; };
		5DF014A81F1605EB00076592 /* PoolHighCases.m in Sources */ = {isa = PBXBuildFile; fileRef = 5DF014761F1605EB00076592 /* PoolHighCases.m */; };
		5DF014A91F1605EB00076592 /* PoolMediumCases.m in Sources */ = {isa = PBXBuildFile; fileRef = 5DF014771F1605EB00076592 /* PoolMediumCases.m */; };
		5DF014AA1F1605EB00076592 /* SignusHighCases.m in Sources */ = {isa = PBXBuildFile; fileRef = 5DF014791F1605EB00076592 /* SignusHighCases.m */; };
		5DF014AB1F1605EB00076592 /* SignusMediumCases.m in Sources */ = {isa = PBXBuildFile; fileRef = 5DF0147A1F1605EB00076592 /* SignusMediumCases.m */; };
		5DF014AC1F1605EB00076592 /* WalletHighCases.m in Sources */ = {isa = PBXBuildFile; fileRef = 5DF0147C1F1605EB00076592 /* WalletHighCases.m */; };
		5DF014AD1F1605EB00076592 /* WalletMediumCases.m in Sources */ = {isa = PBXBuildFile; fileRef = 5DF0147D1F1605EB00076592 /* WalletMediumCases.m */; };
		5DF014AE1F1605EB00076592 /* AnoncredsDemo.mm in Sources */ = {isa = PBXBuildFile; fileRef = 5DF0147F1F1605EB00076592 /* AnoncredsDemo.mm */; };
		5DF014AF1F1605EB00076592 /* LedgerDemo.mm in Sources */ = {isa = PBXBuildFile; fileRef = 5DF014801F1605EB00076592 /* LedgerDemo.mm */; };
		5DF014B01F1605EB00076592 /* SignusDemo.mm in Sources */ = {isa = PBXBuildFile; fileRef = 5DF014811F1605EB00076592 /* SignusDemo.mm */; };
		5DF014B11F1605EB00076592 /* Info.plist in Resources */ = {isa = PBXBuildFile; fileRef = 5DF014821F1605EB00076592 /* Info.plist */; };
		5DF014B21F1605EB00076592 /* AgentUtils.m in Sources */ = {isa = PBXBuildFile; fileRef = 5DF014851F1605EB00076592 /* AgentUtils.m */; };
		5DF014B31F1605EB00076592 /* AnoncredsUtils.m in Sources */ = {isa = PBXBuildFile; fileRef = 5DF014871F1605EB00076592 /* AnoncredsUtils.m */; };
		5DF014B41F1605EB00076592 /* ClosureUtils.m in Sources */ = {isa = PBXBuildFile; fileRef = 5DF014891F1605EB00076592 /* ClosureUtils.m */; };
		5DF014B51F1605EB00076592 /* Environment.m in Sources */ = {isa = PBXBuildFile; fileRef = 5DF0148B1F1605EB00076592 /* Environment.m */; };
		5DF014B61F1605EB00076592 /* LedgerUtils.mm in Sources */ = {isa = PBXBuildFile; fileRef = 5DF0148D1F1605EB00076592 /* LedgerUtils.mm */; };
		5DF014B71F1605EB00076592 /* PoolUtils.m in Sources */ = {isa = PBXBuildFile; fileRef = 5DF0148F1F1605EB00076592 /* PoolUtils.m */; };
		5DF014B81F1605EB00076592 /* SignusUtils.mm in Sources */ = {isa = PBXBuildFile; fileRef = 5DF014911F1605EB00076592 /* SignusUtils.mm */; };
		5DF014B91F1605EB00076592 /* TestUtils.m in Sources */ = {isa = PBXBuildFile; fileRef = 5DF014931F1605EB00076592 /* TestUtils.m */; };
		5DF014BA1F1605EB00076592 /* WalletUtils.m in Sources */ = {isa = PBXBuildFile; fileRef = 5DF014951F1605EB00076592 /* WalletUtils.m */; };
		5DF014BB1F1605EB00076592 /* NSArray+JSON.m in Sources */ = {isa = PBXBuildFile; fileRef = 5DF014981F1605EB00076592 /* NSArray+JSON.m */; };
		5DF014BC1F1605EB00076592 /* NSDictionary+JSON.m in Sources */ = {isa = PBXBuildFile; fileRef = 5DF0149A1F1605EB00076592 /* NSDictionary+JSON.m */; };
		5DF014BD1F1605EB00076592 /* NSString+Validation.m in Sources */ = {isa = PBXBuildFile; fileRef = 5DF0149C1F1605EB00076592 /* NSString+Validation.m */; };
		76FED736F566C40EC1B667DA /* libPods-libindy-demoTests.a in Frameworks */ = {isa = PBXBuildFile; fileRef = 8301CE9D60BE235EB8E50A72 /* libPods-libindy-demoTests.a */; };
		C4AEADFDB2CE7D041575D9DA /* libPods-libindy-demo.a in Frameworks */ = {isa = PBXBuildFile; fileRef = B87BB39216A2B13E57165BF9 /* libPods-libindy-demo.a */; };
/* End PBXBuildFile section */

/* Begin PBXContainerItemProxy section */
		3E2A7F9F1EC36187006194EC /* PBXContainerItemProxy */ = {
			isa = PBXContainerItemProxy;
			containerPortal = 3E2A7F7D1EC36186006194EC /* Project object */;
			proxyType = 1;
			remoteGlobalIDString = 3E2A7F841EC36186006194EC;
			remoteInfo = "libindy-demo";
		};
/* End PBXContainerItemProxy section */

/* Begin PBXCopyFilesBuildPhase section */
		3ED5BE501EC4985500881380 /* CopyFiles */ = {
			isa = PBXCopyFilesBuildPhase;
			buildActionMask = 2147483647;
			dstPath = "";
			dstSubfolderSpec = 10;
			files = (
			);
			runOnlyForDeploymentPostprocessing = 0;
		};
		5D82DB501F6A795100170B22 /* Embed Frameworks */ = {
			isa = PBXCopyFilesBuildPhase;
			buildActionMask = 2147483647;
			dstPath = "";
			dstSubfolderSpec = 10;
			files = (
				5D82DB531F6A795B00170B22 /* libindy.framework in Embed Frameworks */,
			);
			name = "Embed Frameworks";
			runOnlyForDeploymentPostprocessing = 0;
		};
/* End PBXCopyFilesBuildPhase section */

/* Begin PBXFileReference section */
		2EF9598E5D9881BADD8E4EB7 /* Pods-libindy-demo.release.xcconfig */ = {isa = PBXFileReference; includeInIndex = 1; lastKnownFileType = text.xcconfig; name = "Pods-libindy-demo.release.xcconfig"; path = "Pods/Target Support Files/Pods-libindy-demo/Pods-libindy-demo.release.xcconfig"; sourceTree = "<group>"; };
		3E2A7F851EC36186006194EC /* libindy-demo.app */ = {isa = PBXFileReference; explicitFileType = wrapper.application; includeInIndex = 0; path = "libindy-demo.app"; sourceTree = BUILT_PRODUCTS_DIR; };
		3E2A7F9E1EC36187006194EC /* libindy-demoTests.xctest */ = {isa = PBXFileReference; explicitFileType = wrapper.cfbundle; includeInIndex = 0; path = "libindy-demoTests.xctest"; sourceTree = BUILT_PRODUCTS_DIR; };
		5D0073E81F680ADE00E5CCE2 /* RegisterWalletType.m */ = {isa = PBXFileReference; fileEncoding = 4; lastKnownFileType = sourcecode.c.objc; path = RegisterWalletType.m; sourceTree = "<group>"; };
		5D0481B61F46E1BD00ED79A2 /* AgentMediumConnect.m */ = {isa = PBXFileReference; fileEncoding = 4; lastKnownFileType = sourcecode.c.objc; path = AgentMediumConnect.m; sourceTree = "<group>"; };
		5D0481B81F46FEC800ED79A2 /* AgentMediumListen.m */ = {isa = PBXFileReference; fileEncoding = 4; lastKnownFileType = sourcecode.c.objc; path = AgentMediumListen.m; sourceTree = "<group>"; };
		5D0481BA1F46FEE400ED79A2 /* AgentMediumAddIdentity.m */ = {isa = PBXFileReference; fileEncoding = 4; lastKnownFileType = sourcecode.c.objc; path = AgentMediumAddIdentity.m; sourceTree = "<group>"; };
		5D0481BC1F46FEFA00ED79A2 /* AgentMediumRemoveIdentity.m */ = {isa = PBXFileReference; fileEncoding = 4; lastKnownFileType = sourcecode.c.objc; path = AgentMediumRemoveIdentity.m; sourceTree = "<group>"; };
		5D0481BE1F46FF0D00ED79A2 /* AgentMediumSend.m */ = {isa = PBXFileReference; fileEncoding = 4; lastKnownFileType = sourcecode.c.objc; path = AgentMediumSend.m; sourceTree = "<group>"; };
		5D0481C01F46FF2700ED79A2 /* AgentMediumCloseConnection.m */ = {isa = PBXFileReference; fileEncoding = 4; lastKnownFileType = sourcecode.c.objc; path = AgentMediumCloseConnection.m; sourceTree = "<group>"; };
		5D0481C21F46FF4000ED79A2 /* AgentMediumCloseListener.m */ = {isa = PBXFileReference; fileEncoding = 4; lastKnownFileType = sourcecode.c.objc; path = AgentMediumCloseListener.m; sourceTree = "<group>"; };
		5D13F6C41F161E800024DFB3 /* SequenceUtils.h */ = {isa = PBXFileReference; fileEncoding = 4; lastKnownFileType = sourcecode.c.h; path = SequenceUtils.h; sourceTree = "<group>"; };
		5D13F6C51F161E800024DFB3 /* SequenceUtils.m */ = {isa = PBXFileReference; fileEncoding = 4; lastKnownFileType = sourcecode.c.objc; path = SequenceUtils.m; sourceTree = "<group>"; };
		5D82DB511F6A795B00170B22 /* libindy.framework */ = {isa = PBXFileReference; explicitFileType = wrapper.framework; path = libindy.framework; sourceTree = BUILT_PRODUCTS_DIR; };
		5DF013D11F1604C100076592 /* AppDelegate.h */ = {isa = PBXFileReference; fileEncoding = 4; lastKnownFileType = sourcecode.c.h; path = AppDelegate.h; sourceTree = "<group>"; };
		5DF013D21F1604C100076592 /* AppDelegate.mm */ = {isa = PBXFileReference; fileEncoding = 4; lastKnownFileType = sourcecode.cpp.objcpp; path = AppDelegate.mm; sourceTree = "<group>"; };
		5DF013D31F1604C100076592 /* Assets.xcassets */ = {isa = PBXFileReference; lastKnownFileType = folder.assetcatalog; path = Assets.xcassets; sourceTree = "<group>"; };
		5DF013D51F1604C100076592 /* Base */ = {isa = PBXFileReference; lastKnownFileType = file.storyboard; name = Base; path = Base.lproj/LaunchScreen.storyboard; sourceTree = "<group>"; };
		5DF013D71F1604C100076592 /* Base */ = {isa = PBXFileReference; lastKnownFileType = file.storyboard; name = Base; path = Base.lproj/Main.storyboard; sourceTree = "<group>"; };
		5DF013D81F1604C200076592 /* Info.plist */ = {isa = PBXFileReference; fileEncoding = 4; lastKnownFileType = text.plist.xml; path = Info.plist; sourceTree = "<group>"; };
		5DF013D91F1604C200076592 /* main.m */ = {isa = PBXFileReference; fileEncoding = 4; lastKnownFileType = sourcecode.c.objc; path = main.m; sourceTree = "<group>"; };
		5DF013DA1F1604C200076592 /* ViewController.h */ = {isa = PBXFileReference; fileEncoding = 4; lastKnownFileType = sourcecode.c.h; path = ViewController.h; sourceTree = "<group>"; };
		5DF013DB1F1604C200076592 /* ViewController.m */ = {isa = PBXFileReference; fileEncoding = 4; lastKnownFileType = sourcecode.c.objc; path = ViewController.m; sourceTree = "<group>"; };
		5DF014661F1605EB00076592 /* Base58Test.m */ = {isa = PBXFileReference; fileEncoding = 4; lastKnownFileType = sourcecode.c.objc; path = Base58Test.m; sourceTree = "<group>"; };
		5DF014691F1605EB00076592 /* AgentHighCases.m */ = {isa = PBXFileReference; fileEncoding = 4; lastKnownFileType = sourcecode.c.objc; path = AgentHighCases.m; sourceTree = "<group>"; };
		5DF0146C1F1605EB00076592 /* AnoncredsHighCases.m */ = {isa = PBXFileReference; fileEncoding = 4; lastKnownFileType = sourcecode.c.objc; path = AnoncredsHighCases.m; sourceTree = "<group>"; };
		5DF0146D1F1605EB00076592 /* AnoncredsMediumCases.m */ = {isa = PBXFileReference; fileEncoding = 4; lastKnownFileType = sourcecode.c.objc; path = AnoncredsMediumCases.m; sourceTree = "<group>"; };
		5DF0146E1F1605EB00076592 /* AnoncredsMediumCasesDemos.m */ = {isa = PBXFileReference; fileEncoding = 4; lastKnownFileType = sourcecode.c.objc; path = AnoncredsMediumCasesDemos.m; sourceTree = "<group>"; };
		5DF014701F1605EB00076592 /* LedgerAttribRequest.mm */ = {isa = PBXFileReference; fileEncoding = 4; lastKnownFileType = sourcecode.cpp.objcpp; path = LedgerAttribRequest.mm; sourceTree = "<group>"; };
		5DF014711F1605EB00076592 /* LedgerHignCases.mm */ = {isa = PBXFileReference; fileEncoding = 4; lastKnownFileType = sourcecode.cpp.objcpp; path = LedgerHignCases.mm; sourceTree = "<group>"; };
		5DF014721F1605EB00076592 /* LedgerNodeRequest.mm */ = {isa = PBXFileReference; fileEncoding = 4; lastKnownFileType = sourcecode.cpp.objcpp; path = LedgerNodeRequest.mm; sourceTree = "<group>"; };
		5DF014731F1605EB00076592 /* LedgerNymRequest.mm */ = {isa = PBXFileReference; fileEncoding = 4; lastKnownFileType = sourcecode.cpp.objcpp; path = LedgerNymRequest.mm; sourceTree = "<group>"; };
		5DF014741F1605EB00076592 /* LedgerSchemaRequest.mm */ = {isa = PBXFileReference; fileEncoding = 4; lastKnownFileType = sourcecode.cpp.objcpp; path = LedgerSchemaRequest.mm; sourceTree = "<group>"; };
		5DF014761F1605EB00076592 /* PoolHighCases.m */ = {isa = PBXFileReference; fileEncoding = 4; lastKnownFileType = sourcecode.c.objc; path = PoolHighCases.m; sourceTree = "<group>"; };
		5DF014771F1605EB00076592 /* PoolMediumCases.m */ = {isa = PBXFileReference; fileEncoding = 4; lastKnownFileType = sourcecode.c.objc; path = PoolMediumCases.m; sourceTree = "<group>"; };
		5DF014791F1605EB00076592 /* SignusHighCases.m */ = {isa = PBXFileReference; fileEncoding = 4; lastKnownFileType = sourcecode.c.objc; path = SignusHighCases.m; sourceTree = "<group>"; };
		5DF0147A1F1605EB00076592 /* SignusMediumCases.m */ = {isa = PBXFileReference; fileEncoding = 4; lastKnownFileType = sourcecode.c.objc; path = SignusMediumCases.m; sourceTree = "<group>"; };
		5DF0147C1F1605EB00076592 /* WalletHighCases.m */ = {isa = PBXFileReference; fileEncoding = 4; lastKnownFileType = sourcecode.c.objc; path = WalletHighCases.m; sourceTree = "<group>"; };
		5DF0147D1F1605EB00076592 /* WalletMediumCases.m */ = {isa = PBXFileReference; fileEncoding = 4; lastKnownFileType = sourcecode.c.objc; path = WalletMediumCases.m; sourceTree = "<group>"; };
		5DF0147F1F1605EB00076592 /* AnoncredsDemo.mm */ = {isa = PBXFileReference; fileEncoding = 4; lastKnownFileType = sourcecode.cpp.objcpp; path = AnoncredsDemo.mm; sourceTree = "<group>"; };
		5DF014801F1605EB00076592 /* LedgerDemo.mm */ = {isa = PBXFileReference; fileEncoding = 4; lastKnownFileType = sourcecode.cpp.objcpp; path = LedgerDemo.mm; sourceTree = "<group>"; };
		5DF014811F1605EB00076592 /* SignusDemo.mm */ = {isa = PBXFileReference; fileEncoding = 4; lastKnownFileType = sourcecode.cpp.objcpp; path = SignusDemo.mm; sourceTree = "<group>"; };
		5DF014821F1605EB00076592 /* Info.plist */ = {isa = PBXFileReference; fileEncoding = 4; lastKnownFileType = text.plist.xml; path = Info.plist; sourceTree = "<group>"; };
		5DF014841F1605EB00076592 /* AgentUtils.h */ = {isa = PBXFileReference; fileEncoding = 4; lastKnownFileType = sourcecode.c.h; path = AgentUtils.h; sourceTree = "<group>"; };
		5DF014851F1605EB00076592 /* AgentUtils.m */ = {isa = PBXFileReference; fileEncoding = 4; lastKnownFileType = sourcecode.c.objc; path = AgentUtils.m; sourceTree = "<group>"; };
		5DF014861F1605EB00076592 /* AnoncredsUtils.h */ = {isa = PBXFileReference; fileEncoding = 4; lastKnownFileType = sourcecode.c.h; path = AnoncredsUtils.h; sourceTree = "<group>"; };
		5DF014871F1605EB00076592 /* AnoncredsUtils.m */ = {isa = PBXFileReference; fileEncoding = 4; lastKnownFileType = sourcecode.c.objc; path = AnoncredsUtils.m; sourceTree = "<group>"; };
		5DF014881F1605EB00076592 /* ClosureUtils.h */ = {isa = PBXFileReference; fileEncoding = 4; lastKnownFileType = sourcecode.c.h; path = ClosureUtils.h; sourceTree = "<group>"; };
		5DF014891F1605EB00076592 /* ClosureUtils.m */ = {isa = PBXFileReference; fileEncoding = 4; lastKnownFileType = sourcecode.c.objc; path = ClosureUtils.m; sourceTree = "<group>"; };
		5DF0148A1F1605EB00076592 /* Environment.h */ = {isa = PBXFileReference; fileEncoding = 4; lastKnownFileType = sourcecode.c.h; path = Environment.h; sourceTree = "<group>"; };
		5DF0148B1F1605EB00076592 /* Environment.m */ = {isa = PBXFileReference; fileEncoding = 4; lastKnownFileType = sourcecode.c.objc; path = Environment.m; sourceTree = "<group>"; };
		5DF0148C1F1605EB00076592 /* LedgerUtils.h */ = {isa = PBXFileReference; fileEncoding = 4; lastKnownFileType = sourcecode.c.h; path = LedgerUtils.h; sourceTree = "<group>"; };
		5DF0148D1F1605EB00076592 /* LedgerUtils.mm */ = {isa = PBXFileReference; fileEncoding = 4; lastKnownFileType = sourcecode.cpp.objcpp; path = LedgerUtils.mm; sourceTree = "<group>"; };
		5DF0148E1F1605EB00076592 /* PoolUtils.h */ = {isa = PBXFileReference; fileEncoding = 4; lastKnownFileType = sourcecode.c.h; path = PoolUtils.h; sourceTree = "<group>"; };
		5DF0148F1F1605EB00076592 /* PoolUtils.m */ = {isa = PBXFileReference; fileEncoding = 4; lastKnownFileType = sourcecode.c.objc; path = PoolUtils.m; sourceTree = "<group>"; };
		5DF014901F1605EB00076592 /* SignusUtils.h */ = {isa = PBXFileReference; fileEncoding = 4; lastKnownFileType = sourcecode.c.h; path = SignusUtils.h; sourceTree = "<group>"; };
		5DF014911F1605EB00076592 /* SignusUtils.mm */ = {isa = PBXFileReference; fileEncoding = 4; lastKnownFileType = sourcecode.cpp.objcpp; path = SignusUtils.mm; sourceTree = "<group>"; };
		5DF014921F1605EB00076592 /* TestUtils.h */ = {isa = PBXFileReference; fileEncoding = 4; lastKnownFileType = sourcecode.c.h; path = TestUtils.h; sourceTree = "<group>"; };
		5DF014931F1605EB00076592 /* TestUtils.m */ = {isa = PBXFileReference; fileEncoding = 4; lastKnownFileType = sourcecode.c.objc; path = TestUtils.m; sourceTree = "<group>"; };
		5DF014941F1605EB00076592 /* WalletUtils.h */ = {isa = PBXFileReference; fileEncoding = 4; lastKnownFileType = sourcecode.c.h; path = WalletUtils.h; sourceTree = "<group>"; };
		5DF014951F1605EB00076592 /* WalletUtils.m */ = {isa = PBXFileReference; fileEncoding = 4; lastKnownFileType = sourcecode.c.objc; path = WalletUtils.m; sourceTree = "<group>"; };
		5DF014971F1605EB00076592 /* NSArray+JSON.h */ = {isa = PBXFileReference; fileEncoding = 4; lastKnownFileType = sourcecode.c.h; path = "NSArray+JSON.h"; sourceTree = "<group>"; };
		5DF014981F1605EB00076592 /* NSArray+JSON.m */ = {isa = PBXFileReference; fileEncoding = 4; lastKnownFileType = sourcecode.c.objc; path = "NSArray+JSON.m"; sourceTree = "<group>"; };
		5DF014991F1605EB00076592 /* NSDictionary+JSON.h */ = {isa = PBXFileReference; fileEncoding = 4; lastKnownFileType = sourcecode.c.h; path = "NSDictionary+JSON.h"; sourceTree = "<group>"; };
		5DF0149A1F1605EB00076592 /* NSDictionary+JSON.m */ = {isa = PBXFileReference; fileEncoding = 4; lastKnownFileType = sourcecode.c.objc; path = "NSDictionary+JSON.m"; sourceTree = "<group>"; };
		5DF0149B1F1605EB00076592 /* NSString+Validation.h */ = {isa = PBXFileReference; fileEncoding = 4; lastKnownFileType = sourcecode.c.h; path = "NSString+Validation.h"; sourceTree = "<group>"; };
		5DF0149C1F1605EB00076592 /* NSString+Validation.m */ = {isa = PBXFileReference; fileEncoding = 4; lastKnownFileType = sourcecode.c.objc; path = "NSString+Validation.m"; sourceTree = "<group>"; };
		8301CE9D60BE235EB8E50A72 /* libPods-libindy-demoTests.a */ = {isa = PBXFileReference; explicitFileType = archive.ar; includeInIndex = 0; path = "libPods-libindy-demoTests.a"; sourceTree = BUILT_PRODUCTS_DIR; };
		B87BB39216A2B13E57165BF9 /* libPods-libindy-demo.a */ = {isa = PBXFileReference; explicitFileType = archive.ar; includeInIndex = 0; path = "libPods-libindy-demo.a"; sourceTree = BUILT_PRODUCTS_DIR; };
		DACC1FF866C0BAFAF74DC73B /* Pods-libindy-demo.debug.xcconfig */ = {isa = PBXFileReference; includeInIndex = 1; lastKnownFileType = text.xcconfig; name = "Pods-libindy-demo.debug.xcconfig"; path = "Pods/Target Support Files/Pods-libindy-demo/Pods-libindy-demo.debug.xcconfig"; sourceTree = "<group>"; };
		ED81D70B4C1CD531B86E9E9F /* Pods-libindy-demoTests.release.xcconfig */ = {isa = PBXFileReference; includeInIndex = 1; lastKnownFileType = text.xcconfig; name = "Pods-libindy-demoTests.release.xcconfig"; path = "Pods/Target Support Files/Pods-libindy-demoTests/Pods-libindy-demoTests.release.xcconfig"; sourceTree = "<group>"; };
		F7BEB2FC0AAA0900574E5794 /* Pods-libindy-demoTests.debug.xcconfig */ = {isa = PBXFileReference; includeInIndex = 1; lastKnownFileType = text.xcconfig; name = "Pods-libindy-demoTests.debug.xcconfig"; path = "Pods/Target Support Files/Pods-libindy-demoTests/Pods-libindy-demoTests.debug.xcconfig"; sourceTree = "<group>"; };
/* End PBXFileReference section */

/* Begin PBXFrameworksBuildPhase section */
		3E2A7F821EC36186006194EC /* Frameworks */ = {
			isa = PBXFrameworksBuildPhase;
			buildActionMask = 2147483647;
			files = (
				5D82DB521F6A795B00170B22 /* libindy.framework in Frameworks */,
				C4AEADFDB2CE7D041575D9DA /* libPods-libindy-demo.a in Frameworks */,
			);
			runOnlyForDeploymentPostprocessing = 0;
		};
		3E2A7F9B1EC36187006194EC /* Frameworks */ = {
			isa = PBXFrameworksBuildPhase;
			buildActionMask = 2147483647;
			files = (
				76FED736F566C40EC1B667DA /* libPods-libindy-demoTests.a in Frameworks */,
			);
			runOnlyForDeploymentPostprocessing = 0;
		};
/* End PBXFrameworksBuildPhase section */

/* Begin PBXGroup section */
		3E2A7F7C1EC36186006194EC = {
			isa = PBXGroup;
			children = (
				5D82DB511F6A795B00170B22 /* libindy.framework */,
				5DF013D01F1604C100076592 /* libindy-demo */,
				5DF014651F1605EB00076592 /* libindy-demoTests */,
				3E2A7F861EC36186006194EC /* Products */,
				FFB35C33119165C4896C64A8 /* Pods */,
				84DF55ECAD03C4B4CEE16BD1 /* Frameworks */,
			);
			sourceTree = "<group>";
		};
		3E2A7F861EC36186006194EC /* Products */ = {
			isa = PBXGroup;
			children = (
				3E2A7F851EC36186006194EC /* libindy-demo.app */,
				3E2A7F9E1EC36187006194EC /* libindy-demoTests.xctest */,
			);
			name = Products;
			sourceTree = "<group>";
		};
		5D0481B41F46E16B00ED79A2 /* Medium Cases */ = {
			isa = PBXGroup;
			children = (
				5D0481B61F46E1BD00ED79A2 /* AgentMediumConnect.m */,
				5D0481B81F46FEC800ED79A2 /* AgentMediumListen.m */,
				5D0481BA1F46FEE400ED79A2 /* AgentMediumAddIdentity.m */,
				5D0481BC1F46FEFA00ED79A2 /* AgentMediumRemoveIdentity.m */,
				5D0481BE1F46FF0D00ED79A2 /* AgentMediumSend.m */,
				5D0481C01F46FF2700ED79A2 /* AgentMediumCloseConnection.m */,
				5D0481C21F46FF4000ED79A2 /* AgentMediumCloseListener.m */,
			);
			path = "Medium Cases";
			sourceTree = "<group>";
		};
		5DF013D01F1604C100076592 /* libindy-demo */ = {
			isa = PBXGroup;
			children = (
				5DF013D11F1604C100076592 /* AppDelegate.h */,
				5DF013D21F1604C100076592 /* AppDelegate.mm */,
				5DF013D31F1604C100076592 /* Assets.xcassets */,
				5DF013D41F1604C100076592 /* LaunchScreen.storyboard */,
				5DF013D61F1604C100076592 /* Main.storyboard */,
				5DF013D81F1604C200076592 /* Info.plist */,
				5DF013D91F1604C200076592 /* main.m */,
				5DF013DA1F1604C200076592 /* ViewController.h */,
				5DF013DB1F1604C200076592 /* ViewController.m */,
			);
			path = "libindy-demo";
			sourceTree = "<group>";
		};
		5DF014651F1605EB00076592 /* libindy-demoTests */ = {
			isa = PBXGroup;
			children = (
				5DF014821F1605EB00076592 /* Info.plist */,
				5DF014661F1605EB00076592 /* Base58Test.m */,
				5DF014671F1605EB00076592 /* Case Tests */,
				5DF0147E1F1605EB00076592 /* Demo Tests */,
				5DF014831F1605EB00076592 /* Test Utils */,
				5DF014961F1605EB00076592 /* Utils */,
			);
			path = "libindy-demoTests";
			sourceTree = "<group>";
		};
		5DF014671F1605EB00076592 /* Case Tests */ = {
			isa = PBXGroup;
			children = (
				5DF014681F1605EB00076592 /* Agent */,
				5DF0146B1F1605EB00076592 /* Anoncreds */,
				5DF0146F1F1605EB00076592 /* Ledger */,
				5DF014751F1605EB00076592 /* Pool */,
				5DF014781F1605EB00076592 /* Signus */,
				5DF0147B1F1605EB00076592 /* Wallet */,
			);
			path = "Case Tests";
			sourceTree = "<group>";
		};
		5DF014681F1605EB00076592 /* Agent */ = {
			isa = PBXGroup;
			children = (
				5DF014691F1605EB00076592 /* AgentHighCases.m */,
				5D0481B41F46E16B00ED79A2 /* Medium Cases */,
			);
			path = Agent;
			sourceTree = "<group>";
		};
		5DF0146B1F1605EB00076592 /* Anoncreds */ = {
			isa = PBXGroup;
			children = (
				5DF0146C1F1605EB00076592 /* AnoncredsHighCases.m */,
				5DF0146D1F1605EB00076592 /* AnoncredsMediumCases.m */,
				5DF0146E1F1605EB00076592 /* AnoncredsMediumCasesDemos.m */,
			);
			path = Anoncreds;
			sourceTree = "<group>";
		};
		5DF0146F1F1605EB00076592 /* Ledger */ = {
			isa = PBXGroup;
			children = (
				5DF014701F1605EB00076592 /* LedgerAttribRequest.mm */,
				5DF014711F1605EB00076592 /* LedgerHignCases.mm */,
				5DF014721F1605EB00076592 /* LedgerNodeRequest.mm */,
				5DF014731F1605EB00076592 /* LedgerNymRequest.mm */,
				5DF014741F1605EB00076592 /* LedgerSchemaRequest.mm */,
			);
			path = Ledger;
			sourceTree = "<group>";
		};
		5DF014751F1605EB00076592 /* Pool */ = {
			isa = PBXGroup;
			children = (
				5DF014761F1605EB00076592 /* PoolHighCases.m */,
				5DF014771F1605EB00076592 /* PoolMediumCases.m */,
			);
			path = Pool;
			sourceTree = "<group>";
		};
		5DF014781F1605EB00076592 /* Signus */ = {
			isa = PBXGroup;
			children = (
				5DF014791F1605EB00076592 /* SignusHighCases.m */,
				5DF0147A1F1605EB00076592 /* SignusMediumCases.m */,
			);
			path = Signus;
			sourceTree = "<group>";
		};
		5DF0147B1F1605EB00076592 /* Wallet */ = {
			isa = PBXGroup;
			children = (
				5DF0147C1F1605EB00076592 /* WalletHighCases.m */,
				5DF0147D1F1605EB00076592 /* WalletMediumCases.m */,
				5D0073E81F680ADE00E5CCE2 /* RegisterWalletType.m */,
			);
			path = Wallet;
			sourceTree = "<group>";
		};
		5DF0147E1F1605EB00076592 /* Demo Tests */ = {
			isa = PBXGroup;
			children = (
				5DF0147F1F1605EB00076592 /* AnoncredsDemo.mm */,
				5DF014801F1605EB00076592 /* LedgerDemo.mm */,
				5DF014811F1605EB00076592 /* SignusDemo.mm */,
			);
			path = "Demo Tests";
			sourceTree = "<group>";
		};
		5DF014831F1605EB00076592 /* Test Utils */ = {
			isa = PBXGroup;
			children = (
				5D13F6C41F161E800024DFB3 /* SequenceUtils.h */,
				5D13F6C51F161E800024DFB3 /* SequenceUtils.m */,
				5DF014841F1605EB00076592 /* AgentUtils.h */,
				5DF014851F1605EB00076592 /* AgentUtils.m */,
				5DF014861F1605EB00076592 /* AnoncredsUtils.h */,
				5DF014871F1605EB00076592 /* AnoncredsUtils.m */,
				5DF014881F1605EB00076592 /* ClosureUtils.h */,
				5DF014891F1605EB00076592 /* ClosureUtils.m */,
				5DF0148A1F1605EB00076592 /* Environment.h */,
				5DF0148B1F1605EB00076592 /* Environment.m */,
				5DF0148C1F1605EB00076592 /* LedgerUtils.h */,
				5DF0148D1F1605EB00076592 /* LedgerUtils.mm */,
				5DF0148E1F1605EB00076592 /* PoolUtils.h */,
				5DF0148F1F1605EB00076592 /* PoolUtils.m */,
				5DF014901F1605EB00076592 /* SignusUtils.h */,
				5DF014911F1605EB00076592 /* SignusUtils.mm */,
				5DF014921F1605EB00076592 /* TestUtils.h */,
				5DF014931F1605EB00076592 /* TestUtils.m */,
				5DF014941F1605EB00076592 /* WalletUtils.h */,
				5DF014951F1605EB00076592 /* WalletUtils.m */,
			);
			path = "Test Utils";
			sourceTree = "<group>";
		};
		5DF014961F1605EB00076592 /* Utils */ = {
			isa = PBXGroup;
			children = (
				5DF014971F1605EB00076592 /* NSArray+JSON.h */,
				5DF014981F1605EB00076592 /* NSArray+JSON.m */,
				5DF014991F1605EB00076592 /* NSDictionary+JSON.h */,
				5DF0149A1F1605EB00076592 /* NSDictionary+JSON.m */,
				5DF0149B1F1605EB00076592 /* NSString+Validation.h */,
				5DF0149C1F1605EB00076592 /* NSString+Validation.m */,
			);
			path = Utils;
			sourceTree = "<group>";
		};
		84DF55ECAD03C4B4CEE16BD1 /* Frameworks */ = {
			isa = PBXGroup;
			children = (
				B87BB39216A2B13E57165BF9 /* libPods-libindy-demo.a */,
				8301CE9D60BE235EB8E50A72 /* libPods-libindy-demoTests.a */,
			);
			name = Frameworks;
			sourceTree = "<group>";
		};
		FFB35C33119165C4896C64A8 /* Pods */ = {
			isa = PBXGroup;
			children = (
				DACC1FF866C0BAFAF74DC73B /* Pods-libindy-demo.debug.xcconfig */,
				F7BEB2FC0AAA0900574E5794 /* Pods-libindy-demoTests.debug.xcconfig */,
				ED81D70B4C1CD531B86E9E9F /* Pods-libindy-demoTests.release.xcconfig */,
				2EF9598E5D9881BADD8E4EB7 /* Pods-libindy-demo.release.xcconfig */,
			);
			name = Pods;
			sourceTree = "<group>";
		};
/* End PBXGroup section */

/* Begin PBXNativeTarget section */
		3E2A7F841EC36186006194EC /* libindy-demo */ = {
			isa = PBXNativeTarget;
			buildConfigurationList = 3E2A7FA71EC36187006194EC /* Build configuration list for PBXNativeTarget "libindy-demo" */;
			buildPhases = (
				3DAF44B115C578F44367F9F0 /* [CP] Check Pods Manifest.lock */,
				3E2A7F811EC36186006194EC /* Sources */,
				3E2A7F821EC36186006194EC /* Frameworks */,
				3E2A7F831EC36186006194EC /* Resources */,
				B01B1FF1729B4A65C01EC15D /* [CP] Embed Pods Frameworks */,
				E6EB6F49635D20DFFF587CE2 /* [CP] Copy Pods Resources */,
				5D82DB501F6A795100170B22 /* Embed Frameworks */,
			);
			buildRules = (
			);
			dependencies = (
			);
			name = "libindy-demo";
			productName = "libindy-demo";
			productReference = 3E2A7F851EC36186006194EC /* libindy-demo.app */;
			productType = "com.apple.product-type.application";
		};
		3E2A7F9D1EC36187006194EC /* libindy-demoTests */ = {
			isa = PBXNativeTarget;
			buildConfigurationList = 3E2A7FAA1EC36187006194EC /* Build configuration list for PBXNativeTarget "libindy-demoTests" */;
			buildPhases = (
				8007C6588FAD71A50046F589 /* [CP] Check Pods Manifest.lock */,
				3E2A7F9A1EC36187006194EC /* Sources */,
				3E2A7F9B1EC36187006194EC /* Frameworks */,
				3E2A7F9C1EC36187006194EC /* Resources */,
				3ED5BE501EC4985500881380 /* CopyFiles */,
				58E7D3F16AB63FB03CA9D928 /* [CP] Embed Pods Frameworks */,
				4ECEDA57C66CAE3DB4FAEFE3 /* [CP] Copy Pods Resources */,
			);
			buildRules = (
			);
			dependencies = (
				3E2A7FA01EC36187006194EC /* PBXTargetDependency */,
			);
			name = "libindy-demoTests";
			productName = "libindy-demoTests";
			productReference = 3E2A7F9E1EC36187006194EC /* libindy-demoTests.xctest */;
			productType = "com.apple.product-type.bundle.unit-test";
		};
/* End PBXNativeTarget section */

/* Begin PBXProject section */
		3E2A7F7D1EC36186006194EC /* Project object */ = {
			isa = PBXProject;
			attributes = {
				LastUpgradeCheck = 0830;
				ORGANIZATIONNAME = "Kirill Neznamov";
				TargetAttributes = {
					3E2A7F841EC36186006194EC = {
						CreatedOnToolsVersion = 8.3.2;
						DevelopmentTeam = ES8QU3D2A4;
						ProvisioningStyle = Automatic;
					};
					3E2A7F9D1EC36187006194EC = {
						CreatedOnToolsVersion = 8.3.2;
						DevelopmentTeam = ES8QU3D2A4;
						ProvisioningStyle = Automatic;
						TestTargetID = 3E2A7F841EC36186006194EC;
					};
				};
			};
			buildConfigurationList = 3E2A7F801EC36186006194EC /* Build configuration list for PBXProject "libindy-demo" */;
			compatibilityVersion = "Xcode 3.2";
			developmentRegion = English;
			hasScannedForEncodings = 0;
			knownRegions = (
				en,
				Base,
			);
			mainGroup = 3E2A7F7C1EC36186006194EC;
			productRefGroup = 3E2A7F861EC36186006194EC /* Products */;
			projectDirPath = "";
			projectRoot = "";
			targets = (
				3E2A7F841EC36186006194EC /* libindy-demo */,
				3E2A7F9D1EC36187006194EC /* libindy-demoTests */,
			);
		};
/* End PBXProject section */

/* Begin PBXResourcesBuildPhase section */
		3E2A7F831EC36186006194EC /* Resources */ = {
			isa = PBXResourcesBuildPhase;
			buildActionMask = 2147483647;
			files = (
				5DF013DF1F1604C200076592 /* Main.storyboard in Resources */,
				5DF013DD1F1604C200076592 /* Assets.xcassets in Resources */,
				5DF013DE1F1604C200076592 /* LaunchScreen.storyboard in Resources */,
			);
			runOnlyForDeploymentPostprocessing = 0;
		};
		3E2A7F9C1EC36187006194EC /* Resources */ = {
			isa = PBXResourcesBuildPhase;
			buildActionMask = 2147483647;
			files = (
				5DF014B11F1605EB00076592 /* Info.plist in Resources */,
			);
			runOnlyForDeploymentPostprocessing = 0;
		};
/* End PBXResourcesBuildPhase section */

/* Begin PBXShellScriptBuildPhase section */
		3DAF44B115C578F44367F9F0 /* [CP] Check Pods Manifest.lock */ = {
			isa = PBXShellScriptBuildPhase;
			buildActionMask = 2147483647;
			files = (
			);
			inputPaths = (
			);
			name = "[CP] Check Pods Manifest.lock";
			outputPaths = (
			);
			runOnlyForDeploymentPostprocessing = 0;
			shellPath = /bin/sh;
			shellScript = "diff \"${PODS_PODFILE_DIR_PATH}/Podfile.lock\" \"${PODS_ROOT}/Manifest.lock\" > /dev/null\nif [ $? != 0 ] ; then\n    # print error to STDERR\n    echo \"error: The sandbox is not in sync with the Podfile.lock. Run 'pod install' or update your CocoaPods installation.\" >&2\n    exit 1\nfi\n";
			showEnvVarsInLog = 0;
		};
		4ECEDA57C66CAE3DB4FAEFE3 /* [CP] Copy Pods Resources */ = {
			isa = PBXShellScriptBuildPhase;
			buildActionMask = 2147483647;
			files = (
			);
			inputPaths = (
			);
			name = "[CP] Copy Pods Resources";
			outputPaths = (
			);
			runOnlyForDeploymentPostprocessing = 0;
			shellPath = /bin/sh;
			shellScript = "\"${SRCROOT}/Pods/Target Support Files/Pods-libindy-demoTests/Pods-libindy-demoTests-resources.sh\"\n";
			showEnvVarsInLog = 0;
		};
		58E7D3F16AB63FB03CA9D928 /* [CP] Embed Pods Frameworks */ = {
			isa = PBXShellScriptBuildPhase;
			buildActionMask = 2147483647;
			files = (
			);
			inputPaths = (
			);
			name = "[CP] Embed Pods Frameworks";
			outputPaths = (
			);
			runOnlyForDeploymentPostprocessing = 0;
			shellPath = /bin/sh;
			shellScript = "\"${SRCROOT}/Pods/Target Support Files/Pods-libindy-demoTests/Pods-libindy-demoTests-frameworks.sh\"\n";
			showEnvVarsInLog = 0;
		};
		8007C6588FAD71A50046F589 /* [CP] Check Pods Manifest.lock */ = {
			isa = PBXShellScriptBuildPhase;
			buildActionMask = 2147483647;
			files = (
			);
			inputPaths = (
			);
			name = "[CP] Check Pods Manifest.lock";
			outputPaths = (
			);
			runOnlyForDeploymentPostprocessing = 0;
			shellPath = /bin/sh;
			shellScript = "diff \"${PODS_PODFILE_DIR_PATH}/Podfile.lock\" \"${PODS_ROOT}/Manifest.lock\" > /dev/null\nif [ $? != 0 ] ; then\n    # print error to STDERR\n    echo \"error: The sandbox is not in sync with the Podfile.lock. Run 'pod install' or update your CocoaPods installation.\" >&2\n    exit 1\nfi\n";
			showEnvVarsInLog = 0;
		};
		B01B1FF1729B4A65C01EC15D /* [CP] Embed Pods Frameworks */ = {
			isa = PBXShellScriptBuildPhase;
			buildActionMask = 2147483647;
			files = (
			);
			inputPaths = (
			);
			name = "[CP] Embed Pods Frameworks";
			outputPaths = (
			);
			runOnlyForDeploymentPostprocessing = 0;
			shellPath = /bin/sh;
			shellScript = "\"${SRCROOT}/Pods/Target Support Files/Pods-libindy-demo/Pods-libindy-demo-frameworks.sh\"\n";
			showEnvVarsInLog = 0;
		};
		E6EB6F49635D20DFFF587CE2 /* [CP] Copy Pods Resources */ = {
			isa = PBXShellScriptBuildPhase;
			buildActionMask = 2147483647;
			files = (
			);
			inputPaths = (
			);
			name = "[CP] Copy Pods Resources";
			outputPaths = (
			);
			runOnlyForDeploymentPostprocessing = 0;
			shellPath = /bin/sh;
			shellScript = "\"${SRCROOT}/Pods/Target Support Files/Pods-libindy-demo/Pods-libindy-demo-resources.sh\"\n";
			showEnvVarsInLog = 0;
		};
/* End PBXShellScriptBuildPhase section */

/* Begin PBXSourcesBuildPhase section */
		3E2A7F811EC36186006194EC /* Sources */ = {
			isa = PBXSourcesBuildPhase;
			buildActionMask = 2147483647;
			files = (
				5DF013E21F1604C200076592 /* ViewController.m in Sources */,
				5DF013E11F1604C200076592 /* main.m in Sources */,
				5DF013DC1F1604C200076592 /* AppDelegate.mm in Sources */,
			);
			runOnlyForDeploymentPostprocessing = 0;
		};
		3E2A7F9A1EC36187006194EC /* Sources */ = {
			isa = PBXSourcesBuildPhase;
			buildActionMask = 2147483647;
			files = (
				5DF0149D1F1605EB00076592 /* Base58Test.m in Sources */,
				5DF0149E1F1605EB00076592 /* AgentHighCases.m in Sources */,
				5D13F6C61F161E800024DFB3 /* SequenceUtils.m in Sources */,
				5DF014A51F1605EB00076592 /* LedgerNodeRequest.mm in Sources */,
				5DF014A41F1605EB00076592 /* LedgerHignCases.mm in Sources */,
				5DF014AC1F1605EB00076592 /* WalletHighCases.m in Sources */,
				5DF014B41F1605EB00076592 /* ClosureUtils.m in Sources */,
				5DF014B91F1605EB00076592 /* TestUtils.m in Sources */,
				5D0481C31F46FF4000ED79A2 /* AgentMediumCloseListener.m in Sources */,
				5DF014A31F1605EB00076592 /* LedgerAttribRequest.mm in Sources */,
				5DF014A21F1605EB00076592 /* AnoncredsMediumCasesDemos.m in Sources */,
				5D0481C11F46FF2700ED79A2 /* AgentMediumCloseConnection.m in Sources */,
				5D0481B71F46E1BD00ED79A2 /* AgentMediumConnect.m in Sources */,
				5DF014B61F1605EB00076592 /* LedgerUtils.mm in Sources */,
				5DF014AD1F1605EB00076592 /* WalletMediumCases.m in Sources */,
				5D0073E91F680ADF00E5CCE2 /* RegisterWalletType.m in Sources */,
				5DF014A81F1605EB00076592 /* PoolHighCases.m in Sources */,
				5DF014A91F1605EB00076592 /* PoolMediumCases.m in Sources */,
				5DF014A01F1605EB00076592 /* AnoncredsHighCases.m in Sources */,
				5DF014B51F1605EB00076592 /* Environment.m in Sources */,
				5DF014BB1F1605EB00076592 /* NSArray+JSON.m in Sources */,
				5DF014AA1F1605EB00076592 /* SignusHighCases.m in Sources */,
				5DF014B31F1605EB00076592 /* AnoncredsUtils.m in Sources */,
				5DF014B81F1605EB00076592 /* SignusUtils.mm in Sources */,
				5DF014A71F1605EB00076592 /* LedgerSchemaRequest.mm in Sources */,
				5DF014AE1F1605EB00076592 /* AnoncredsDemo.mm in Sources */,
				5DF014B71F1605EB00076592 /* PoolUtils.m in Sources */,
				5DF014B01F1605EB00076592 /* SignusDemo.mm in Sources */,
				5DF014AF1F1605EB00076592 /* LedgerDemo.mm in Sources */,
				5DF014B21F1605EB00076592 /* AgentUtils.m in Sources */,
				5DF014AB1F1605EB00076592 /* SignusMediumCases.m in Sources */,
				5D0481BD1F46FEFA00ED79A2 /* AgentMediumRemoveIdentity.m in Sources */,
				5DF014BC1F1605EB00076592 /* NSDictionary+JSON.m in Sources */,
				5D0481BB1F46FEE400ED79A2 /* AgentMediumAddIdentity.m in Sources */,
				5DF014A11F1605EB00076592 /* AnoncredsMediumCases.m in Sources */,
				5D0481B91F46FEC800ED79A2 /* AgentMediumListen.m in Sources */,
				5D0481BF1F46FF0D00ED79A2 /* AgentMediumSend.m in Sources */,
				5DF014A61F1605EB00076592 /* LedgerNymRequest.mm in Sources */,
				5DF014BD1F1605EB00076592 /* NSString+Validation.m in Sources */,
				5DF014BA1F1605EB00076592 /* WalletUtils.m in Sources */,
			);
			runOnlyForDeploymentPostprocessing = 0;
		};
/* End PBXSourcesBuildPhase section */

/* Begin PBXTargetDependency section */
		3E2A7FA01EC36187006194EC /* PBXTargetDependency */ = {
			isa = PBXTargetDependency;
			target = 3E2A7F841EC36186006194EC /* libindy-demo */;
			targetProxy = 3E2A7F9F1EC36187006194EC /* PBXContainerItemProxy */;
		};
/* End PBXTargetDependency section */

/* Begin PBXVariantGroup section */
		5DF013D41F1604C100076592 /* LaunchScreen.storyboard */ = {
			isa = PBXVariantGroup;
			children = (
				5DF013D51F1604C100076592 /* Base */,
			);
			name = LaunchScreen.storyboard;
			sourceTree = "<group>";
		};
		5DF013D61F1604C100076592 /* Main.storyboard */ = {
			isa = PBXVariantGroup;
			children = (
				5DF013D71F1604C100076592 /* Base */,
			);
			name = Main.storyboard;
			sourceTree = "<group>";
		};
/* End PBXVariantGroup section */

/* Begin XCBuildConfiguration section */
		3E2A7FA51EC36187006194EC /* Debug */ = {
			isa = XCBuildConfiguration;
			buildSettings = {
				ALWAYS_SEARCH_USER_PATHS = NO;
				CLANG_ANALYZER_NONNULL = YES;
				CLANG_ANALYZER_NUMBER_OBJECT_CONVERSION = YES_AGGRESSIVE;
				CLANG_CXX_LANGUAGE_STANDARD = "gnu++0x";
				CLANG_CXX_LIBRARY = "libc++";
				CLANG_ENABLE_MODULES = YES;
				CLANG_ENABLE_OBJC_ARC = YES;
				CLANG_WARN_BOOL_CONVERSION = YES;
				CLANG_WARN_CONSTANT_CONVERSION = YES;
				CLANG_WARN_DIRECT_OBJC_ISA_USAGE = YES_ERROR;
				CLANG_WARN_DOCUMENTATION_COMMENTS = YES;
				CLANG_WARN_EMPTY_BODY = YES;
				CLANG_WARN_ENUM_CONVERSION = YES;
				CLANG_WARN_INFINITE_RECURSION = YES;
				CLANG_WARN_INT_CONVERSION = YES;
				CLANG_WARN_OBJC_ROOT_CLASS = YES_ERROR;
				CLANG_WARN_SUSPICIOUS_MOVE = YES;
				CLANG_WARN_UNREACHABLE_CODE = YES;
				CLANG_WARN__DUPLICATE_METHOD_MATCH = YES;
				"CODE_SIGN_IDENTITY[sdk=iphoneos*]" = "iPhone Developer";
				COPY_PHASE_STRIP = NO;
				DEBUG_INFORMATION_FORMAT = dwarf;
				ENABLE_BITCODE = NO;
				ENABLE_STRICT_OBJC_MSGSEND = YES;
				ENABLE_TESTABILITY = YES;
				GCC_C_LANGUAGE_STANDARD = gnu99;
				GCC_DYNAMIC_NO_PIC = NO;
				GCC_NO_COMMON_BLOCKS = YES;
				GCC_OPTIMIZATION_LEVEL = 0;
				GCC_PREPROCESSOR_DEFINITIONS = (
					"DEBUG=1",
					"$(inherited)",
				);
				GCC_WARN_64_TO_32_BIT_CONVERSION = YES;
				GCC_WARN_ABOUT_RETURN_TYPE = YES_ERROR;
				GCC_WARN_UNDECLARED_SELECTOR = YES;
				GCC_WARN_UNINITIALIZED_AUTOS = YES_AGGRESSIVE;
				GCC_WARN_UNUSED_FUNCTION = YES;
				GCC_WARN_UNUSED_VARIABLE = YES;
				IPHONEOS_DEPLOYMENT_TARGET = 10.0;
				MTL_ENABLE_DEBUG_INFO = YES;
				ONLY_ACTIVE_ARCH = YES;
				SDKROOT = iphoneos;
				TARGETED_DEVICE_FAMILY = "1,2";
			};
			name = Debug;
		};
		3E2A7FA61EC36187006194EC /* Release */ = {
			isa = XCBuildConfiguration;
			buildSettings = {
				ALWAYS_SEARCH_USER_PATHS = NO;
				CLANG_ANALYZER_NONNULL = YES;
				CLANG_ANALYZER_NUMBER_OBJECT_CONVERSION = YES_AGGRESSIVE;
				CLANG_CXX_LANGUAGE_STANDARD = "gnu++0x";
				CLANG_CXX_LIBRARY = "libc++";
				CLANG_ENABLE_MODULES = YES;
				CLANG_ENABLE_OBJC_ARC = YES;
				CLANG_WARN_BOOL_CONVERSION = YES;
				CLANG_WARN_CONSTANT_CONVERSION = YES;
				CLANG_WARN_DIRECT_OBJC_ISA_USAGE = YES_ERROR;
				CLANG_WARN_DOCUMENTATION_COMMENTS = YES;
				CLANG_WARN_EMPTY_BODY = YES;
				CLANG_WARN_ENUM_CONVERSION = YES;
				CLANG_WARN_INFINITE_RECURSION = YES;
				CLANG_WARN_INT_CONVERSION = YES;
				CLANG_WARN_OBJC_ROOT_CLASS = YES_ERROR;
				CLANG_WARN_SUSPICIOUS_MOVE = YES;
				CLANG_WARN_UNREACHABLE_CODE = YES;
				CLANG_WARN__DUPLICATE_METHOD_MATCH = YES;
				"CODE_SIGN_IDENTITY[sdk=iphoneos*]" = "iPhone Developer";
				COPY_PHASE_STRIP = NO;
				DEBUG_INFORMATION_FORMAT = "dwarf-with-dsym";
				ENABLE_BITCODE = NO;
				ENABLE_NS_ASSERTIONS = NO;
				ENABLE_STRICT_OBJC_MSGSEND = YES;
				GCC_C_LANGUAGE_STANDARD = gnu99;
				GCC_NO_COMMON_BLOCKS = YES;
				GCC_WARN_64_TO_32_BIT_CONVERSION = YES;
				GCC_WARN_ABOUT_RETURN_TYPE = YES_ERROR;
				GCC_WARN_UNDECLARED_SELECTOR = YES;
				GCC_WARN_UNINITIALIZED_AUTOS = YES_AGGRESSIVE;
				GCC_WARN_UNUSED_FUNCTION = YES;
				GCC_WARN_UNUSED_VARIABLE = YES;
				IPHONEOS_DEPLOYMENT_TARGET = 10.0;
				MTL_ENABLE_DEBUG_INFO = NO;
				SDKROOT = iphoneos;
				TARGETED_DEVICE_FAMILY = "1,2";
				VALIDATE_PRODUCT = YES;
			};
			name = Release;
		};
		3E2A7FA81EC36187006194EC /* Debug */ = {
			isa = XCBuildConfiguration;
			baseConfigurationReference = DACC1FF866C0BAFAF74DC73B /* Pods-libindy-demo.debug.xcconfig */;
			buildSettings = {
				ALWAYS_EMBED_SWIFT_STANDARD_LIBRARIES = YES;
				ASSETCATALOG_COMPILER_APPICON_NAME = AppIcon;
				CLANG_ALLOW_NON_MODULAR_INCLUDES_IN_FRAMEWORK_MODULES = YES;
				DEVELOPMENT_TEAM = ES8QU3D2A4;
				INFOPLIST_FILE = "libindy-demo/Info.plist";
				IPHONEOS_DEPLOYMENT_TARGET = 10.0;
				LD_RUNPATH_SEARCH_PATHS = "$(inherited) @executable_path/Frameworks @loader_path/Frameworks";
				"LIBRARY_SEARCH_PATHS[arch=*]" = (
					"$(inherited)",
					"\"$PODS_CONFIGURATION_BUILD_DIR/CoreBitcoin\"",
					"\"$PODS_CONFIGURATION_BUILD_DIR/ISO8601DateFormatter\"",
					"$(inherited)",
					"\"${PODS_ROOT}/OpenSSL-Universal/lib-ios\"",
				);
				PRODUCT_BUNDLE_IDENTIFIER = "com.evernym.libindy-demo";
				PRODUCT_NAME = "$(TARGET_NAME)";
			};
			name = Debug;
		};
		3E2A7FA91EC36187006194EC /* Release */ = {
			isa = XCBuildConfiguration;
			baseConfigurationReference = 2EF9598E5D9881BADD8E4EB7 /* Pods-libindy-demo.release.xcconfig */;
			buildSettings = {
				ALWAYS_EMBED_SWIFT_STANDARD_LIBRARIES = YES;
				ASSETCATALOG_COMPILER_APPICON_NAME = AppIcon;
				CLANG_ALLOW_NON_MODULAR_INCLUDES_IN_FRAMEWORK_MODULES = YES;
				DEVELOPMENT_TEAM = ES8QU3D2A4;
				INFOPLIST_FILE = "libindy-demo/Info.plist";
				IPHONEOS_DEPLOYMENT_TARGET = 10.0;
				LD_RUNPATH_SEARCH_PATHS = "$(inherited) @executable_path/Frameworks @loader_path/Frameworks";
				PRODUCT_BUNDLE_IDENTIFIER = "com.evernym.libindy-demo";
				PRODUCT_NAME = "$(TARGET_NAME)";
			};
			name = Release;
		};
		3E2A7FAB1EC36187006194EC /* Debug */ = {
			isa = XCBuildConfiguration;
			baseConfigurationReference = F7BEB2FC0AAA0900574E5794 /* Pods-libindy-demoTests.debug.xcconfig */;
			buildSettings = {
				BUNDLE_LOADER = "$(TEST_HOST)";
				CLANG_ALLOW_NON_MODULAR_INCLUDES_IN_FRAMEWORK_MODULES = YES;
				DEVELOPMENT_TEAM = ES8QU3D2A4;
				INFOPLIST_FILE = "libindy-demoTests/Info.plist";
				LD_RUNPATH_SEARCH_PATHS = "$(inherited) @executable_path/Frameworks @loader_path/Frameworks";
				PRODUCT_BUNDLE_IDENTIFIER = "com.evernym.libindy-demoTests";
				PRODUCT_NAME = "$(TARGET_NAME)";
				TEST_HOST = "$(BUILT_PRODUCTS_DIR)/libindy-demo.app/libindy-demo";
			};
			name = Debug;
		};
		3E2A7FAC1EC36187006194EC /* Release */ = {
			isa = XCBuildConfiguration;
			baseConfigurationReference = ED81D70B4C1CD531B86E9E9F /* Pods-libindy-demoTests.release.xcconfig */;
			buildSettings = {
				BUNDLE_LOADER = "$(TEST_HOST)";
				CLANG_ALLOW_NON_MODULAR_INCLUDES_IN_FRAMEWORK_MODULES = YES;
				DEVELOPMENT_TEAM = ES8QU3D2A4;
				INFOPLIST_FILE = "libindy-demoTests/Info.plist";
				LD_RUNPATH_SEARCH_PATHS = "$(inherited) @executable_path/Frameworks @loader_path/Frameworks";
				PRODUCT_BUNDLE_IDENTIFIER = "com.evernym.libindy-demoTests";
				PRODUCT_NAME = "$(TARGET_NAME)";
				TEST_HOST = "$(BUILT_PRODUCTS_DIR)/libindy-demo.app/libindy-demo";
			};
			name = Release;
		};
/* End XCBuildConfiguration section */

/* Begin XCConfigurationList section */
		3E2A7F801EC36186006194EC /* Build configuration list for PBXProject "libindy-demo" */ = {
			isa = XCConfigurationList;
			buildConfigurations = (
				3E2A7FA51EC36187006194EC /* Debug */,
				3E2A7FA61EC36187006194EC /* Release */,
			);
			defaultConfigurationIsVisible = 0;
			defaultConfigurationName = Release;
		};
		3E2A7FA71EC36187006194EC /* Build configuration list for PBXNativeTarget "libindy-demo" */ = {
			isa = XCConfigurationList;
			buildConfigurations = (
				3E2A7FA81EC36187006194EC /* Debug */,
				3E2A7FA91EC36187006194EC /* Release */,
			);
			defaultConfigurationIsVisible = 0;
			defaultConfigurationName = Release;
		};
		3E2A7FAA1EC36187006194EC /* Build configuration list for PBXNativeTarget "libindy-demoTests" */ = {
			isa = XCConfigurationList;
			buildConfigurations = (
				3E2A7FAB1EC36187006194EC /* Debug */,
				3E2A7FAC1EC36187006194EC /* Release */,
			);
			defaultConfigurationIsVisible = 0;
			defaultConfigurationName = Release;
		};
/* End XCConfigurationList section */
	};
	rootObject = 3E2A7F7D1EC36186006194EC /* Project object */;
}
